<?xml version="1.0" encoding="UTF-8"?>
<Scheme
   LastUpgradeVersion = "0830"
   version = "1.3">
   <BuildAction
      parallelizeBuildables = "YES"
      buildImplicitDependencies = "YES">
      <BuildActionEntries>
         <BuildActionEntry
            buildForTesting = "YES"
            buildForRunning = "YES"
            buildForProfiling = "YES"
            buildForArchiving = "YES"
            buildForAnalyzing = "YES">
            <BuildableReference
               BuildableIdentifier = "primary"
               BlueprintIdentifier = "FA8207801DE2D7DF00333F8D"
               BuildableName = "SwiftDTO"
               BlueprintName = "SwiftDTO"
               ReferencedContainer = "container:SwiftDTO.xcodeproj">
            </BuildableReference>
         </BuildActionEntry>
      </BuildActionEntries>
   </BuildAction>
   <TestAction
      buildConfiguration = "Debug"
      selectedDebuggerIdentifier = "Xcode.DebuggerFoundation.Debugger.LLDB"
      selectedLauncherIdentifier = "Xcode.DebuggerFoundation.Launcher.LLDB"
      shouldUseLaunchSchemeArgsEnv = "YES">
      <Testables>
      </Testables>
      <MacroExpansion>
         <BuildableReference
            BuildableIdentifier = "primary"
            BlueprintIdentifier = "FA8207801DE2D7DF00333F8D"
            BuildableName = "SwiftDTO"
            BlueprintName = "SwiftDTO"
            ReferencedContainer = "container:SwiftDTO.xcodeproj">
         </BuildableReference>
      </MacroExpansion>
      <AdditionalOptions>
      </AdditionalOptions>
   </TestAction>
   <LaunchAction
      buildConfiguration = "Debug"
      selectedDebuggerIdentifier = "Xcode.DebuggerFoundation.Debugger.LLDB"
      selectedLauncherIdentifier = "Xcode.DebuggerFoundation.Launcher.LLDB"
      launchStyle = "0"
      useCustomWorkingDirectory = "NO"
      ignoresPersistentStateOnLaunch = "NO"
      debugDocumentVersioning = "YES"
      debugServiceExtension = "internal"
      allowLocationSimulation = "YES">
      <BuildableProductRunnable
         runnableDebuggingMode = "0">
         <BuildableReference
            BuildableIdentifier = "primary"
            BlueprintIdentifier = "FA8207801DE2D7DF00333F8D"
            BuildableName = "SwiftDTO"
            BlueprintName = "SwiftDTO"
            ReferencedContainer = "container:SwiftDTO.xcodeproj">
         </BuildableReference>
      </BuildableProductRunnable>
      <CommandLineArguments>
         <CommandLineArgument
            argument = "$PROJECT_DIR/SwiftDTO/example/GeneratedFiles"
            isEnabled = "YES">
         </CommandLineArgument>
         <CommandLineArgument
            argument = "$PROJECT_DIR/SwiftDTO/example/CDData.xcdatamodel/contents"
            isEnabled = "NO">
         </CommandLineArgument>
         <CommandLineArgument
            argument = "$PROJECT_DIR/SwiftDTO/example/wsdl/xsd1_schema_user.xml"
            isEnabled = "YES">
         </CommandLineArgument>
         <CommandLineArgument
            argument = "$PROJECT_DIR/SwiftDTO/example/wsdl/xsd1_schema_tracking.xml"
            isEnabled = "YES">
         </CommandLineArgument>
      </CommandLineArguments>
      <AdditionalOptions>
      </AdditionalOptions>
   </LaunchAction>
   <ProfileAction
      buildConfiguration = "Release"
      shouldUseLaunchSchemeArgsEnv = "YES"
      savedToolIdentifier = ""
      useCustomWorkingDirectory = "NO"
      debugDocumentVersioning = "YES">
      <BuildableProductRunnable
         runnableDebuggingMode = "0">
         <BuildableReference
            BuildableIdentifier = "primary"
            BlueprintIdentifier = "FA8207801DE2D7DF00333F8D"
            BuildableName = "SwiftDTO"
            BlueprintName = "SwiftDTO"
            ReferencedContainer = "container:SwiftDTO.xcodeproj">
         </BuildableReference>
      </BuildableProductRunnable>
   </ProfileAction>
   <AnalyzeAction
      buildConfiguration = "Debug">
   </AnalyzeAction>
   <ArchiveAction
      buildConfiguration = "Release"
      revealArchiveInOrganizer = "YES">
   </ArchiveAction>
</Scheme>
