// !$*UTF8*$!
{
	archiveVersion = 1;
	classes = {
	};
	objectVersion = 46;
	objects = {

/* Begin PBXBuildFile section */
		369F5BEF1EA285F8005A229A /* Readme.txt in CopyFiles */ = {isa = PBXBuildFile; fileRef = 369F5BEE1EA285CD005A229A /* Readme.txt */; };
		369F5BF61EA287FA005A229A /* myDTO.xcdatamodel in CopyFiles */ = {isa = PBXBuildFile; fileRef = 369F5BF51EA287EC005A229A /* myDTO.xcdatamodel */; };
		FA8207851DE2D7DF00333F8D /* main.swift in Sources */ = {isa = PBXBuildFile; fileRef = FA8207841DE2D7DF00333F8D /* main.swift */; };
		FA82078F1DE2DA6C00333F8D /* RESTProperty.swift in Sources */ = {isa = PBXBuildFile; fileRef = FA82078B1DE2DA6C00333F8D /* RESTProperty.swift */; };
		FA8207901DE2DA6C00333F8D /* XMLModelParser.swift in Sources */ = {isa = PBXBuildFile; fileRef = FA82078C1DE2DA6C00333F8D /* XMLModelParser.swift */; };
		FA8207921DE2DA6C00333F8D /* ProtocolDeclaration.swift in Sources */ = {isa = PBXBuildFile; fileRef = FA82078E1DE2DA6C00333F8D /* ProtocolDeclaration.swift */; };
		FA8207931DE2DAAB00333F8D /* DTO_Globals.swift in CopyFiles */ = {isa = PBXBuildFile; fileRef = FA82078D1DE2DA6C00333F8D /* DTO_Globals.swift */; };
		FA9212C21ED2FA02007A0EE3 /* String+COAdditions.swift in Sources */ = {isa = PBXBuildFile; fileRef = FA9212C11ED2FA02007A0EE3 /* String+COAdditions.swift */; };
		FAC92BFF1ED5985600D6C015 /* AbstractPoiRequest.swift in Sources */ = {isa = PBXBuildFile; fileRef = FAC92BD31ED5985600D6C015 /* AbstractPoiRequest.swift */; };
		FAC92C001ED5985600D6C015 /* AddPoiRequest.swift in Sources */ = {isa = PBXBuildFile; fileRef = FAC92BD41ED5985600D6C015 /* AddPoiRequest.swift */; };
		FAC92C011ED5985600D6C015 /* AgeGroup.swift in Sources */ = {isa = PBXBuildFile; fileRef = FAC92BD51ED5985600D6C015 /* AgeGroup.swift */; };
		FAC92C021ED5985600D6C015 /* AgeGroupPerHousehold.swift in Sources */ = {isa = PBXBuildFile; fileRef = FAC92BD61ED5985600D6C015 /* AgeGroupPerHousehold.swift */; };
		FAC92C031ED5985600D6C015 /* Company.swift in Sources */ = {isa = PBXBuildFile; fileRef = FAC92BD71ED5985600D6C015 /* Company.swift */; };
		FAC92C041ED5985600D6C015 /* CompanyVerificationRequest.swift in Sources */ = {isa = PBXBuildFile; fileRef = FAC92BD81ED5985600D6C015 /* CompanyVerificationRequest.swift */; };
		FAC92C051ED5985600D6C015 /* CompanyVerificationResponse.swift in Sources */ = {isa = PBXBuildFile; fileRef = FAC92BD91ED5985600D6C015 /* CompanyVerificationResponse.swift */; };
		FAC92C061ED5985600D6C015 /* DefaultRequest.swift in Sources */ = {isa = PBXBuildFile; fileRef = FAC92BDA1ED5985600D6C015 /* DefaultRequest.swift */; };
		FAC92C071ED5985600D6C015 /* DefaultResponse.swift in Sources */ = {isa = PBXBuildFile; fileRef = FAC92BDB1ED5985600D6C015 /* DefaultResponse.swift */; };
		FAC92C081ED5985600D6C015 /* DeletePoiRequest.swift in Sources */ = {isa = PBXBuildFile; fileRef = FAC92BDC1ED5985600D6C015 /* DeletePoiRequest.swift */; };
		FAC92C091ED5985600D6C015 /* DTO_Globals.swift in Sources */ = {isa = PBXBuildFile; fileRef = FAC92BDD1ED5985600D6C015 /* DTO_Globals.swift */; };
		FAC92C0A1ED5985600D6C015 /* DTOError.swift in Sources */ = {isa = PBXBuildFile; fileRef = FAC92BDE1ED5985600D6C015 /* DTOError.swift */; };
		FAC92C0B1ED5985600D6C015 /* GeographicPosition.swift in Sources */ = {isa = PBXBuildFile; fileRef = FAC92BDF1ED5985600D6C015 /* GeographicPosition.swift */; };
		FAC92C0C1ED5985600D6C015 /* GetPersonalDataResponse.swift in Sources */ = {isa = PBXBuildFile; fileRef = FAC92BE01ED5985600D6C015 /* GetPersonalDataResponse.swift */; };
		FAC92C0D1ED5985600D6C015 /* GetPersonsRequest.swift in Sources */ = {isa = PBXBuildFile; fileRef = FAC92BE11ED5985600D6C015 /* GetPersonsRequest.swift */; };
		FAC92C0E1ED5985600D6C015 /* GetPersonsResponse.swift in Sources */ = {isa = PBXBuildFile; fileRef = FAC92BE21ED5985600D6C015 /* GetPersonsResponse.swift */; };
		FAC92C0F1ED5985600D6C015 /* GetPoisResponse.swift in Sources */ = {isa = PBXBuildFile; fileRef = FAC92BE31ED5985600D6C015 /* GetPoisResponse.swift */; };
		FAC92C101ED5985600D6C015 /* Graduation.swift in Sources */ = {isa = PBXBuildFile; fileRef = FAC92BE41ED5985600D6C015 /* Graduation.swift */; };
		FAC92C111ED5985600D6C015 /* Information.swift in Sources */ = {isa = PBXBuildFile; fileRef = FAC92BE51ED5985600D6C015 /* Information.swift */; };
		FAC92C121ED5985600D6C015 /* LoginRequest.swift in Sources */ = {isa = PBXBuildFile; fileRef = FAC92BE61ED5985600D6C015 /* LoginRequest.swift */; };
		FAC92C131ED5985600D6C015 /* LoginResponse.swift in Sources */ = {isa = PBXBuildFile; fileRef = FAC92BE71ED5985600D6C015 /* LoginResponse.swift */; };
		FAC92C141ED5985600D6C015 /* Occupation.swift in Sources */ = {isa = PBXBuildFile; fileRef = FAC92BE81ED5985600D6C015 /* Occupation.swift */; };
		FAC92C151ED5985600D6C015 /* Person.swift in Sources */ = {isa = PBXBuildFile; fileRef = FAC92BE91ED5985600D6C015 /* Person.swift */; };
		FAC92C161ED5985600D6C015 /* PersonalData.swift in Sources */ = {isa = PBXBuildFile; fileRef = FAC92BEA1ED5985600D6C015 /* PersonalData.swift */; };
		FAC92C171ED5985600D6C015 /* PersonalStatisticPerTrafficMode.swift in Sources */ = {isa = PBXBuildFile; fileRef = FAC92BEB1ED5985600D6C015 /* PersonalStatisticPerTrafficMode.swift */; };
		FAC92C181ED5985600D6C015 /* Poi.swift in Sources */ = {isa = PBXBuildFile; fileRef = FAC92BEC1ED5985600D6C015 /* Poi.swift */; };
		FAC92C191ED5985600D6C015 /* Profile.swift in Sources */ = {isa = PBXBuildFile; fileRef = FAC92BED1ED5985600D6C015 /* Profile.swift */; };
		FAC92C1A1ED5985600D6C015 /* QuantifiableError.swift in Sources */ = {isa = PBXBuildFile; fileRef = FAC92BEE1ED5985600D6C015 /* QuantifiableError.swift */; };
		FAC92C1B1ED5985600D6C015 /* QuantifiableWarning.swift in Sources */ = {isa = PBXBuildFile; fileRef = FAC92BEF1ED5985600D6C015 /* QuantifiableWarning.swift */; };
		FAC92C1C1ED5985600D6C015 /* RegistrationKeyDispatchRequest.swift in Sources */ = {isa = PBXBuildFile; fileRef = FAC92BF01ED5985600D6C015 /* RegistrationKeyDispatchRequest.swift */; };
		FAC92C1D1ED5985600D6C015 /* RegistrationRequest.swift in Sources */ = {isa = PBXBuildFile; fileRef = FAC92BF11ED5985600D6C015 /* RegistrationRequest.swift */; };
		FAC92C1E1ED5985600D6C015 /* ResetPasswordRequest.swift in Sources */ = {isa = PBXBuildFile; fileRef = FAC92BF21ED5985600D6C015 /* ResetPasswordRequest.swift */; };
		FAC92C1F1ED5985600D6C015 /* Role.swift in Sources */ = {isa = PBXBuildFile; fileRef = FAC92BF31ED5985600D6C015 /* Role.swift */; };
		FAC92C201ED5985600D6C015 /* RoleConstant.swift in Sources */ = {isa = PBXBuildFile; fileRef = FAC92BF41ED5985600D6C015 /* RoleConstant.swift */; };
		FAC92C211ED5985600D6C015 /* SalaryLevel.swift in Sources */ = {isa = PBXBuildFile; fileRef = FAC92BF51ED5985600D6C015 /* SalaryLevel.swift */; };
		FAC92C221ED5985600D6C015 /* SessionRequest.swift in Sources */ = {isa = PBXBuildFile; fileRef = FAC92BF61ED5985600D6C015 /* SessionRequest.swift */; };
		FAC92C231ED5985600D6C015 /* SessionResponse.swift in Sources */ = {isa = PBXBuildFile; fileRef = FAC92BF71ED5985600D6C015 /* SessionResponse.swift */; };
		FAC92C241ED5985600D6C015 /* TrafficMode.swift in Sources */ = {isa = PBXBuildFile; fileRef = FAC92BF81ED5985600D6C015 /* TrafficMode.swift */; };
		FAC92C251ED5985600D6C015 /* TrafficModeConstant.swift in Sources */ = {isa = PBXBuildFile; fileRef = FAC92BF91ED5985600D6C015 /* TrafficModeConstant.swift */; };
		FAC92C261ED5985600D6C015 /* TripPurpose.swift in Sources */ = {isa = PBXBuildFile; fileRef = FAC92BFA1ED5985600D6C015 /* TripPurpose.swift */; };
		FAC92C271ED5985600D6C015 /* UpdatePasswordRequest.swift in Sources */ = {isa = PBXBuildFile; fileRef = FAC92BFB1ED5985600D6C015 /* UpdatePasswordRequest.swift */; };
		FAC92C281ED5985600D6C015 /* UpdatePersonalDataRequest.swift in Sources */ = {isa = PBXBuildFile; fileRef = FAC92BFC1ED5985600D6C015 /* UpdatePersonalDataRequest.swift */; };
		FAC92C291ED5985600D6C015 /* UpdatePoiRequest.swift in Sources */ = {isa = PBXBuildFile; fileRef = FAC92BFD1ED5985600D6C015 /* UpdatePoiRequest.swift */; };
		FAC92C2A1ED5985600D6C015 /* Warning.swift in Sources */ = {isa = PBXBuildFile; fileRef = FAC92BFE1ED5985600D6C015 /* Warning.swift */; };
		FAC92C2C1ED5A26100D6C015 /* XML2SwiftFiles.swift in Sources */ = {isa = PBXBuildFile; fileRef = FAC92C2B1ED5A26100D6C015 /* XML2SwiftFiles.swift */; };
		FAC92C2E1ED5B9A300D6C015 /* HelperFunctions.swift in Sources */ = {isa = PBXBuildFile; fileRef = FAC92C2D1ED5B9A300D6C015 /* HelperFunctions.swift */; };
/* End PBXBuildFile section */

/* Begin PBXCopyFilesBuildPhase section */
		FA82077F1DE2D7DF00333F8D /* CopyFiles */ = {
			isa = PBXCopyFilesBuildPhase;
			buildActionMask = 12;
			dstPath = "";
			dstSubfolderSpec = 7;
			files = (
				FA8207931DE2DAAB00333F8D /* DTO_Globals.swift in CopyFiles */,
				369F5BEF1EA285F8005A229A /* Readme.txt in CopyFiles */,
				369F5BF61EA287FA005A229A /* myDTO.xcdatamodel in CopyFiles */,
			);
			runOnlyForDeploymentPostprocessing = 0;
		};
/* End PBXCopyFilesBuildPhase section */

/* Begin PBXFileReference section */
		363EC5A31EBF8AC200B7C0B0 /* .swiftlint.yml */ = {isa = PBXFileReference; fileEncoding = 4; lastKnownFileType = text; path = .swiftlint.yml; sourceTree = "<group>"; };
		363EC5A41EBF8ACF00B7C0B0 /* .gitignore */ = {isa = PBXFileReference; fileEncoding = 4; lastKnownFileType = text; path = .gitignore; sourceTree = "<group>"; };
		369F5BEE1EA285CD005A229A /* Readme.txt */ = {isa = PBXFileReference; lastKnownFileType = text; path = Readme.txt; sourceTree = "<group>"; };
		369F5BF51EA287EC005A229A /* myDTO.xcdatamodel */ = {isa = PBXFileReference; lastKnownFileType = wrapper.xcdatamodel; path = myDTO.xcdatamodel; sourceTree = "<group>"; };
		FA8207811DE2D7DF00333F8D /* SwiftDTO */ = {isa = PBXFileReference; explicitFileType = "compiled.mach-o.executable"; includeInIndex = 0; path = SwiftDTO; sourceTree = BUILT_PRODUCTS_DIR; };
		FA8207841DE2D7DF00333F8D /* main.swift */ = {isa = PBXFileReference; lastKnownFileType = sourcecode.swift; path = main.swift; sourceTree = "<group>"; };
		FA82078B1DE2DA6C00333F8D /* RESTProperty.swift */ = {isa = PBXFileReference; fileEncoding = 4; lastKnownFileType = sourcecode.swift; path = RESTProperty.swift; sourceTree = "<group>"; };
		FA82078C1DE2DA6C00333F8D /* XMLModelParser.swift */ = {isa = PBXFileReference; fileEncoding = 4; lastKnownFileType = sourcecode.swift; path = XMLModelParser.swift; sourceTree = "<group>"; };
		FA82078D1DE2DA6C00333F8D /* DTO_Globals.swift */ = {isa = PBXFileReference; fileEncoding = 4; lastKnownFileType = sourcecode.swift; path = DTO_Globals.swift; sourceTree = "<group>"; };
		FA82078E1DE2DA6C00333F8D /* ProtocolDeclaration.swift */ = {isa = PBXFileReference; fileEncoding = 4; lastKnownFileType = sourcecode.swift; path = ProtocolDeclaration.swift; sourceTree = "<group>"; };
		FA8207941DE2DFC600333F8D /* LICENSE */ = {isa = PBXFileReference; fileEncoding = 4; lastKnownFileType = text; path = LICENSE; sourceTree = "<group>"; };
		FA8207951DE2DFC600333F8D /* README.md */ = {isa = PBXFileReference; fileEncoding = 4; lastKnownFileType = net.daringfireball.markdown; path = README.md; sourceTree = "<group>"; };
		FA82079A1DE30D8B00333F8D /* CDData.xcdatamodel */ = {isa = PBXFileReference; lastKnownFileType = wrapper.xcdatamodel; path = CDData.xcdatamodel; sourceTree = "<group>"; };
		FA9212C11ED2FA02007A0EE3 /* String+COAdditions.swift */ = {isa = PBXFileReference; fileEncoding = 4; lastKnownFileType = sourcecode.swift; path = "String+COAdditions.swift"; sourceTree = "<group>"; };
		FAC92BD11ED597E700D6C015 /* xsd1_schema_tracking.xml */ = {isa = PBXFileReference; lastKnownFileType = text.xml; path = xsd1_schema_tracking.xml; sourceTree = "<group>"; };
		FAC92BD21ED597E700D6C015 /* xsd1_schema_user.xml */ = {isa = PBXFileReference; lastKnownFileType = text.xml; path = xsd1_schema_user.xml; sourceTree = "<group>"; };
		FAC92BD31ED5985600D6C015 /* AbstractPoiRequest.swift */ = {isa = PBXFileReference; fileEncoding = 4; lastKnownFileType = sourcecode.swift; path = AbstractPoiRequest.swift; sourceTree = "<group>"; };
		FAC92BD41ED5985600D6C015 /* AddPoiRequest.swift */ = {isa = PBXFileReference; fileEncoding = 4; lastKnownFileType = sourcecode.swift; path = AddPoiRequest.swift; sourceTree = "<group>"; };
		FAC92BD51ED5985600D6C015 /* AgeGroup.swift */ = {isa = PBXFileReference; fileEncoding = 4; lastKnownFileType = sourcecode.swift; path = AgeGroup.swift; sourceTree = "<group>"; };
		FAC92BD61ED5985600D6C015 /* AgeGroupPerHousehold.swift */ = {isa = PBXFileReference; fileEncoding = 4; lastKnownFileType = sourcecode.swift; path = AgeGroupPerHousehold.swift; sourceTree = "<group>"; };
		FAC92BD71ED5985600D6C015 /* Company.swift */ = {isa = PBXFileReference; fileEncoding = 4; lastKnownFileType = sourcecode.swift; path = Company.swift; sourceTree = "<group>"; };
		FAC92BD81ED5985600D6C015 /* CompanyVerificationRequest.swift */ = {isa = PBXFileReference; fileEncoding = 4; lastKnownFileType = sourcecode.swift; path = CompanyVerificationRequest.swift; sourceTree = "<group>"; };
		FAC92BD91ED5985600D6C015 /* CompanyVerificationResponse.swift */ = {isa = PBXFileReference; fileEncoding = 4; lastKnownFileType = sourcecode.swift; path = CompanyVerificationResponse.swift; sourceTree = "<group>"; };
		FAC92BDA1ED5985600D6C015 /* DefaultRequest.swift */ = {isa = PBXFileReference; fileEncoding = 4; lastKnownFileType = sourcecode.swift; path = DefaultRequest.swift; sourceTree = "<group>"; };
		FAC92BDB1ED5985600D6C015 /* DefaultResponse.swift */ = {isa = PBXFileReference; fileEncoding = 4; lastKnownFileType = sourcecode.swift; path = DefaultResponse.swift; sourceTree = "<group>"; };
		FAC92BDC1ED5985600D6C015 /* DeletePoiRequest.swift */ = {isa = PBXFileReference; fileEncoding = 4; lastKnownFileType = sourcecode.swift; path = DeletePoiRequest.swift; sourceTree = "<group>"; };
		FAC92BDD1ED5985600D6C015 /* DTO_Globals.swift */ = {isa = PBXFileReference; fileEncoding = 4; lastKnownFileType = sourcecode.swift; path = DTO_Globals.swift; sourceTree = "<group>"; };
		FAC92BDE1ED5985600D6C015 /* DTOError.swift */ = {isa = PBXFileReference; fileEncoding = 4; lastKnownFileType = sourcecode.swift; path = DTOError.swift; sourceTree = "<group>"; };
		FAC92BDF1ED5985600D6C015 /* GeographicPosition.swift */ = {isa = PBXFileReference; fileEncoding = 4; lastKnownFileType = sourcecode.swift; path = GeographicPosition.swift; sourceTree = "<group>"; };
		FAC92BE01ED5985600D6C015 /* GetPersonalDataResponse.swift */ = {isa = PBXFileReference; fileEncoding = 4; lastKnownFileType = sourcecode.swift; path = GetPersonalDataResponse.swift; sourceTree = "<group>"; };
		FAC92BE11ED5985600D6C015 /* GetPersonsRequest.swift */ = {isa = PBXFileReference; fileEncoding = 4; lastKnownFileType = sourcecode.swift; path = GetPersonsRequest.swift; sourceTree = "<group>"; };
		FAC92BE21ED5985600D6C015 /* GetPersonsResponse.swift */ = {isa = PBXFileReference; fileEncoding = 4; lastKnownFileType = sourcecode.swift; path = GetPersonsResponse.swift; sourceTree = "<group>"; };
		FAC92BE31ED5985600D6C015 /* GetPoisResponse.swift */ = {isa = PBXFileReference; fileEncoding = 4; lastKnownFileType = sourcecode.swift; path = GetPoisResponse.swift; sourceTree = "<group>"; };
		FAC92BE41ED5985600D6C015 /* Graduation.swift */ = {isa = PBXFileReference; fileEncoding = 4; lastKnownFileType = sourcecode.swift; path = Graduation.swift; sourceTree = "<group>"; };
		FAC92BE51ED5985600D6C015 /* Information.swift */ = {isa = PBXFileReference; fileEncoding = 4; lastKnownFileType = sourcecode.swift; path = Information.swift; sourceTree = "<group>"; };
		FAC92BE61ED5985600D6C015 /* LoginRequest.swift */ = {isa = PBXFileReference; fileEncoding = 4; lastKnownFileType = sourcecode.swift; path = LoginRequest.swift; sourceTree = "<group>"; };
		FAC92BE71ED5985600D6C015 /* LoginResponse.swift */ = {isa = PBXFileReference; fileEncoding = 4; lastKnownFileType = sourcecode.swift; path = LoginResponse.swift; sourceTree = "<group>"; };
		FAC92BE81ED5985600D6C015 /* Occupation.swift */ = {isa = PBXFileReference; fileEncoding = 4; lastKnownFileType = sourcecode.swift; path = Occupation.swift; sourceTree = "<group>"; };
		FAC92BE91ED5985600D6C015 /* Person.swift */ = {isa = PBXFileReference; fileEncoding = 4; lastKnownFileType = sourcecode.swift; path = Person.swift; sourceTree = "<group>"; };
		FAC92BEA1ED5985600D6C015 /* PersonalData.swift */ = {isa = PBXFileReference; fileEncoding = 4; lastKnownFileType = sourcecode.swift; path = PersonalData.swift; sourceTree = "<group>"; };
		FAC92BEB1ED5985600D6C015 /* PersonalStatisticPerTrafficMode.swift */ = {isa = PBXFileReference; fileEncoding = 4; lastKnownFileType = sourcecode.swift; path = PersonalStatisticPerTrafficMode.swift; sourceTree = "<group>"; };
		FAC92BEC1ED5985600D6C015 /* Poi.swift */ = {isa = PBXFileReference; fileEncoding = 4; lastKnownFileType = sourcecode.swift; path = Poi.swift; sourceTree = "<group>"; };
		FAC92BED1ED5985600D6C015 /* Profile.swift */ = {isa = PBXFileReference; fileEncoding = 4; lastKnownFileType = sourcecode.swift; path = Profile.swift; sourceTree = "<group>"; };
		FAC92BEE1ED5985600D6C015 /* QuantifiableError.swift */ = {isa = PBXFileReference; fileEncoding = 4; lastKnownFileType = sourcecode.swift; path = QuantifiableError.swift; sourceTree = "<group>"; };
		FAC92BEF1ED5985600D6C015 /* QuantifiableWarning.swift */ = {isa = PBXFileReference; fileEncoding = 4; lastKnownFileType = sourcecode.swift; path = QuantifiableWarning.swift; sourceTree = "<group>"; };
		FAC92BF01ED5985600D6C015 /* RegistrationKeyDispatchRequest.swift */ = {isa = PBXFileReference; fileEncoding = 4; lastKnownFileType = sourcecode.swift; path = RegistrationKeyDispatchRequest.swift; sourceTree = "<group>"; };
		FAC92BF11ED5985600D6C015 /* RegistrationRequest.swift */ = {isa = PBXFileReference; fileEncoding = 4; lastKnownFileType = sourcecode.swift; path = RegistrationRequest.swift; sourceTree = "<group>"; };
		FAC92BF21ED5985600D6C015 /* ResetPasswordRequest.swift */ = {isa = PBXFileReference; fileEncoding = 4; lastKnownFileType = sourcecode.swift; path = ResetPasswordRequest.swift; sourceTree = "<group>"; };
		FAC92BF31ED5985600D6C015 /* Role.swift */ = {isa = PBXFileReference; fileEncoding = 4; lastKnownFileType = sourcecode.swift; path = Role.swift; sourceTree = "<group>"; };
		FAC92BF41ED5985600D6C015 /* RoleConstant.swift */ = {isa = PBXFileReference; fileEncoding = 4; lastKnownFileType = sourcecode.swift; path = RoleConstant.swift; sourceTree = "<group>"; };
		FAC92BF51ED5985600D6C015 /* SalaryLevel.swift */ = {isa = PBXFileReference; fileEncoding = 4; lastKnownFileType = sourcecode.swift; path = SalaryLevel.swift; sourceTree = "<group>"; };
		FAC92BF61ED5985600D6C015 /* SessionRequest.swift */ = {isa = PBXFileReference; fileEncoding = 4; lastKnownFileType = sourcecode.swift; path = SessionRequest.swift; sourceTree = "<group>"; };
		FAC92BF71ED5985600D6C015 /* SessionResponse.swift */ = {isa = PBXFileReference; fileEncoding = 4; lastKnownFileType = sourcecode.swift; path = SessionResponse.swift; sourceTree = "<group>"; };
		FAC92BF81ED5985600D6C015 /* TrafficMode.swift */ = {isa = PBXFileReference; fileEncoding = 4; lastKnownFileType = sourcecode.swift; path = TrafficMode.swift; sourceTree = "<group>"; };
		FAC92BF91ED5985600D6C015 /* TrafficModeConstant.swift */ = {isa = PBXFileReference; fileEncoding = 4; lastKnownFileType = sourcecode.swift; path = TrafficModeConstant.swift; sourceTree = "<group>"; };
		FAC92BFA1ED5985600D6C015 /* TripPurpose.swift */ = {isa = PBXFileReference; fileEncoding = 4; lastKnownFileType = sourcecode.swift; path = TripPurpose.swift; sourceTree = "<group>"; };
		FAC92BFB1ED5985600D6C015 /* UpdatePasswordRequest.swift */ = {isa = PBXFileReference; fileEncoding = 4; lastKnownFileType = sourcecode.swift; path = UpdatePasswordRequest.swift; sourceTree = "<group>"; };
		FAC92BFC1ED5985600D6C015 /* UpdatePersonalDataRequest.swift */ = {isa = PBXFileReference; fileEncoding = 4; lastKnownFileType = sourcecode.swift; path = UpdatePersonalDataRequest.swift; sourceTree = "<group>"; };
		FAC92BFD1ED5985600D6C015 /* UpdatePoiRequest.swift */ = {isa = PBXFileReference; fileEncoding = 4; lastKnownFileType = sourcecode.swift; path = UpdatePoiRequest.swift; sourceTree = "<group>"; };
		FAC92BFE1ED5985600D6C015 /* Warning.swift */ = {isa = PBXFileReference; fileEncoding = 4; lastKnownFileType = sourcecode.swift; path = Warning.swift; sourceTree = "<group>"; };
		FAC92C2B1ED5A26100D6C015 /* XML2SwiftFiles.swift */ = {isa = PBXFileReference; fileEncoding = 4; lastKnownFileType = sourcecode.swift; path = XML2SwiftFiles.swift; sourceTree = "<group>"; };
		FAC92C2D1ED5B9A300D6C015 /* HelperFunctions.swift */ = {isa = PBXFileReference; fileEncoding = 4; lastKnownFileType = sourcecode.swift; path = HelperFunctions.swift; sourceTree = "<group>"; };
/* End PBXFileReference section */

/* Begin PBXFrameworksBuildPhase section */
		FA82077E1DE2D7DF00333F8D /* Frameworks */ = {
			isa = PBXFrameworksBuildPhase;
			buildActionMask = 2147483647;
			files = (
			);
			runOnlyForDeploymentPostprocessing = 0;
		};
/* End PBXFrameworksBuildPhase section */

/* Begin PBXGroup section */
		FA8207781DE2D7DF00333F8D = {
			isa = PBXGroup;
			children = (
				363EC5A41EBF8ACF00B7C0B0 /* .gitignore */,
				363EC5A31EBF8AC200B7C0B0 /* .swiftlint.yml */,
				FA8207941DE2DFC600333F8D /* LICENSE */,
				FA8207951DE2DFC600333F8D /* README.md */,
				FA8207831DE2D7DF00333F8D /* SwiftDTO */,
				FA8207821DE2D7DF00333F8D /* Products */,
			);
			sourceTree = "<group>";
		};
		FA8207821DE2D7DF00333F8D /* Products */ = {
			isa = PBXGroup;
			children = (
				FA8207811DE2D7DF00333F8D /* SwiftDTO */,
			);
			name = Products;
			sourceTree = "<group>";
		};
		FA8207831DE2D7DF00333F8D /* SwiftDTO */ = {
			isa = PBXGroup;
			children = (
				FA8207841DE2D7DF00333F8D /* main.swift */,
				FA82078C1DE2DA6C00333F8D /* XMLModelParser.swift */,
				FAC92C2B1ED5A26100D6C015 /* XML2SwiftFiles.swift */,
				FA82078B1DE2DA6C00333F8D /* RESTProperty.swift */,
				FA82078E1DE2DA6C00333F8D /* ProtocolDeclaration.swift */,
				FAC92C2D1ED5B9A300D6C015 /* HelperFunctions.swift */,
				FA9212C11ED2FA02007A0EE3 /* String+COAdditions.swift */,
				FA82078D1DE2DA6C00333F8D /* DTO_Globals.swift */,
				369F5BF51EA287EC005A229A /* myDTO.xcdatamodel */,
				369F5BEE1EA285CD005A229A /* Readme.txt */,
				FA8207971DE2FE7500333F8D /* example */,
			);
			path = SwiftDTO;
			sourceTree = "<group>";
		};
		FA8207971DE2FE7500333F8D /* example */ = {
			isa = PBXGroup;
			children = (
				FA82079C1DE30E2400333F8D /* GeneratedFiles */,
				FA82079A1DE30D8B00333F8D /* CDData.xcdatamodel */,
				FAC92BD01ED597E700D6C015 /* wsdl */,
			);
			path = example;
			sourceTree = "<group>";
		};
		FA82079C1DE30E2400333F8D /* GeneratedFiles */ = {
			isa = PBXGroup;
			children = (
				FAC92BD31ED5985600D6C015 /* AbstractPoiRequest.swift */,
				FAC92BD41ED5985600D6C015 /* AddPoiRequest.swift */,
				FAC92BD51ED5985600D6C015 /* AgeGroup.swift */,
				FAC92BD61ED5985600D6C015 /* AgeGroupPerHousehold.swift */,
				FAC92BD71ED5985600D6C015 /* Company.swift */,
				FAC92BD81ED5985600D6C015 /* CompanyVerificationRequest.swift */,
				FAC92BD91ED5985600D6C015 /* CompanyVerificationResponse.swift */,
				FAC92BDA1ED5985600D6C015 /* DefaultRequest.swift */,
				FAC92BDB1ED5985600D6C015 /* DefaultResponse.swift */,
				FAC92BDC1ED5985600D6C015 /* DeletePoiRequest.swift */,
				FAC92BDD1ED5985600D6C015 /* DTO_Globals.swift */,
				FAC92BDE1ED5985600D6C015 /* DTOError.swift */,
				FAC92BDF1ED5985600D6C015 /* GeographicPosition.swift */,
				FAC92BE01ED5985600D6C015 /* GetPersonalDataResponse.swift */,
				FAC92BE11ED5985600D6C015 /* GetPersonsRequest.swift */,
				FAC92BE21ED5985600D6C015 /* GetPersonsResponse.swift */,
				FAC92BE31ED5985600D6C015 /* GetPoisResponse.swift */,
				FAC92BE41ED5985600D6C015 /* Graduation.swift */,
				FAC92BE51ED5985600D6C015 /* Information.swift */,
				FAC92BE61ED5985600D6C015 /* LoginRequest.swift */,
				FAC92BE71ED5985600D6C015 /* LoginResponse.swift */,
				FAC92BE81ED5985600D6C015 /* Occupation.swift */,
				FAC92BE91ED5985600D6C015 /* Person.swift */,
				FAC92BEA1ED5985600D6C015 /* PersonalData.swift */,
				FAC92BEB1ED5985600D6C015 /* PersonalStatisticPerTrafficMode.swift */,
				FAC92BEC1ED5985600D6C015 /* Poi.swift */,
				FAC92BED1ED5985600D6C015 /* Profile.swift */,
				FAC92BEE1ED5985600D6C015 /* QuantifiableError.swift */,
				FAC92BEF1ED5985600D6C015 /* QuantifiableWarning.swift */,
				FAC92BF01ED5985600D6C015 /* RegistrationKeyDispatchRequest.swift */,
				FAC92BF11ED5985600D6C015 /* RegistrationRequest.swift */,
				FAC92BF21ED5985600D6C015 /* ResetPasswordRequest.swift */,
				FAC92BF31ED5985600D6C015 /* Role.swift */,
				FAC92BF41ED5985600D6C015 /* RoleConstant.swift */,
				FAC92BF51ED5985600D6C015 /* SalaryLevel.swift */,
				FAC92BF61ED5985600D6C015 /* SessionRequest.swift */,
				FAC92BF71ED5985600D6C015 /* SessionResponse.swift */,
				FAC92BF81ED5985600D6C015 /* TrafficMode.swift */,
				FAC92BF91ED5985600D6C015 /* TrafficModeConstant.swift */,
				FAC92BFA1ED5985600D6C015 /* TripPurpose.swift */,
				FAC92BFB1ED5985600D6C015 /* UpdatePasswordRequest.swift */,
				FAC92BFC1ED5985600D6C015 /* UpdatePersonalDataRequest.swift */,
				FAC92BFD1ED5985600D6C015 /* UpdatePoiRequest.swift */,
				FAC92BFE1ED5985600D6C015 /* Warning.swift */,
			);
			path = GeneratedFiles;
			sourceTree = "<group>";
		};
		FAC92BD01ED597E700D6C015 /* wsdl */ = {
			isa = PBXGroup;
			children = (
				FAC92BD11ED597E700D6C015 /* xsd1_schema_tracking.xml */,
				FAC92BD21ED597E700D6C015 /* xsd1_schema_user.xml */,
			);
			path = wsdl;
			sourceTree = "<group>";
		};
/* End PBXGroup section */

/* Begin PBXNativeTarget section */
		FA8207801DE2D7DF00333F8D /* SwiftDTO */ = {
			isa = PBXNativeTarget;
			buildConfigurationList = FA8207881DE2D7DF00333F8D /* Build configuration list for PBXNativeTarget "SwiftDTO" */;
			buildPhases = (
				FA82077D1DE2D7DF00333F8D /* Sources */,
				FA82077E1DE2D7DF00333F8D /* Frameworks */,
				FA82077F1DE2D7DF00333F8D /* CopyFiles */,
				363EC5A51EBF8B1F00B7C0B0 /* ShellScript */,
			);
			buildRules = (
			);
			dependencies = (
			);
			name = SwiftDTO;
			productName = SwiftDTO;
			productReference = FA8207811DE2D7DF00333F8D /* SwiftDTO */;
			productType = "com.apple.product-type.tool";
		};
/* End PBXNativeTarget section */

/* Begin PBXProject section */
		FA8207791DE2D7DF00333F8D /* Project object */ = {
			isa = PBXProject;
			attributes = {
				LastSwiftUpdateCheck = 0810;
				LastUpgradeCheck = 0830;
				ORGANIZATIONNAME = Farbflash;
				TargetAttributes = {
					FA8207801DE2D7DF00333F8D = {
						CreatedOnToolsVersion = 8.1;
						DevelopmentTeam = GNGL9A39VR;
						ProvisioningStyle = Automatic;
					};
				};
			};
			buildConfigurationList = FA82077C1DE2D7DF00333F8D /* Build configuration list for PBXProject "SwiftDTO" */;
			compatibilityVersion = "Xcode 3.2";
			developmentRegion = English;
			hasScannedForEncodings = 0;
			knownRegions = (
				en,
			);
			mainGroup = FA8207781DE2D7DF00333F8D;
			productRefGroup = FA8207821DE2D7DF00333F8D /* Products */;
			projectDirPath = "";
			projectRoot = "";
			targets = (
				FA8207801DE2D7DF00333F8D /* SwiftDTO */,
			);
		};
/* End PBXProject section */

/* Begin PBXShellScriptBuildPhase section */
		363EC5A51EBF8B1F00B7C0B0 /* ShellScript */ = {
			isa = PBXShellScriptBuildPhase;
			buildActionMask = 2147483647;
			files = (
			);
			inputPaths = (
			);
			outputPaths = (
			);
			runOnlyForDeploymentPostprocessing = 0;
			shellPath = /bin/sh;
			shellScript = "if which swiftlint >/dev/null; then\nswiftlint autocorrect\nswiftlint\nelse\necho \"warning: SwiftLint not installed, download from https://github.com/realm/SwiftLint\"\nfi";
		};
/* End PBXShellScriptBuildPhase section */

/* Begin PBXSourcesBuildPhase section */
		FA82077D1DE2D7DF00333F8D /* Sources */ = {
			isa = PBXSourcesBuildPhase;
			buildActionMask = 2147483647;
			files = (
				FAC92C081ED5985600D6C015 /* DeletePoiRequest.swift in Sources */,
				FA9212C21ED2FA02007A0EE3 /* String+COAdditions.swift in Sources */,
				FAC92C1C1ED5985600D6C015 /* RegistrationKeyDispatchRequest.swift in Sources */,
				FAC92C0F1ED5985600D6C015 /* GetPoisResponse.swift in Sources */,
				FA82078F1DE2DA6C00333F8D /* RESTProperty.swift in Sources */,
				FAC92C0B1ED5985600D6C015 /* GeographicPosition.swift in Sources */,
				FAC92C221ED5985600D6C015 /* SessionRequest.swift in Sources */,
				FAC92BFF1ED5985600D6C015 /* AbstractPoiRequest.swift in Sources */,
				FAC92C2C1ED5A26100D6C015 /* XML2SwiftFiles.swift in Sources */,
				FAC92C2A1ED5985600D6C015 /* Warning.swift in Sources */,
				FAC92C131ED5985600D6C015 /* LoginResponse.swift in Sources */,
				FAC92C211ED5985600D6C015 /* SalaryLevel.swift in Sources */,
				FAC92C031ED5985600D6C015 /* Company.swift in Sources */,
				FAC92C071ED5985600D6C015 /* DefaultResponse.swift in Sources */,
				FAC92C091ED5985600D6C015 /* DTO_Globals.swift in Sources */,
				FAC92C0C1ED5985600D6C015 /* GetPersonalDataResponse.swift in Sources */,
				FAC92C281ED5985600D6C015 /* UpdatePersonalDataRequest.swift in Sources */,
				FAC92C1D1ED5985600D6C015 /* RegistrationRequest.swift in Sources */,
				FAC92C041ED5985600D6C015 /* CompanyVerificationRequest.swift in Sources */,
				FAC92C011ED5985600D6C015 /* AgeGroup.swift in Sources */,
				FAC92C271ED5985600D6C015 /* UpdatePasswordRequest.swift in Sources */,
				FAC92C231ED5985600D6C015 /* SessionResponse.swift in Sources */,
				FAC92C171ED5985600D6C015 /* PersonalStatisticPerTrafficMode.swift in Sources */,
				FAC92C291ED5985600D6C015 /* UpdatePoiRequest.swift in Sources */,
				FA8207851DE2D7DF00333F8D /* main.swift in Sources */,
				FAC92C0A1ED5985600D6C015 /* DTOError.swift in Sources */,
				FAC92C101ED5985600D6C015 /* Graduation.swift in Sources */,
				FA8207921DE2DA6C00333F8D /* ProtocolDeclaration.swift in Sources */,
				FAC92C021ED5985600D6C015 /* AgeGroupPerHousehold.swift in Sources */,
				FAC92C1F1ED5985600D6C015 /* Role.swift in Sources */,
				FAC92C151ED5985600D6C015 /* Person.swift in Sources */,
				FAC92C061ED5985600D6C015 /* DefaultRequest.swift in Sources */,
				FAC92C1A1ED5985600D6C015 /* QuantifiableError.swift in Sources */,
				FAC92C121ED5985600D6C015 /* LoginRequest.swift in Sources */,
				FAC92C181ED5985600D6C015 /* Poi.swift in Sources */,
				FAC92C111ED5985600D6C015 /* Information.swift in Sources */,
				FAC92C201ED5985600D6C015 /* RoleConstant.swift in Sources */,
				FA8207901DE2DA6C00333F8D /* XMLModelParser.swift in Sources */,
				FAC92C191ED5985600D6C015 /* Profile.swift in Sources */,
				FAC92C251ED5985600D6C015 /* TrafficModeConstant.swift in Sources */,
				FAC92C0D1ED5985600D6C015 /* GetPersonsRequest.swift in Sources */,
				FAC92C161ED5985600D6C015 /* PersonalData.swift in Sources */,
				FAC92C261ED5985600D6C015 /* TripPurpose.swift in Sources */,
				FAC92C001ED5985600D6C015 /* AddPoiRequest.swift in Sources */,
				FAC92C241ED5985600D6C015 /* TrafficMode.swift in Sources */,
				FAC92C141ED5985600D6C015 /* Occupation.swift in Sources */,
				FAC92C1E1ED5985600D6C015 /* ResetPasswordRequest.swift in Sources */,
				FAC92C2E1ED5B9A300D6C015 /* HelperFunctions.swift in Sources */,
				FAC92C1B1ED5985600D6C015 /* QuantifiableWarning.swift in Sources */,
				FAC92C051ED5985600D6C015 /* CompanyVerificationResponse.swift in Sources */,
				FAC92C0E1ED5985600D6C015 /* GetPersonsResponse.swift in Sources */,
			);
			runOnlyForDeploymentPostprocessing = 0;
		};
/* End PBXSourcesBuildPhase section */

/* Begin XCBuildConfiguration section */
		FA8207861DE2D7DF00333F8D /* Debug */ = {
			isa = XCBuildConfiguration;
			buildSettings = {
				ALWAYS_SEARCH_USER_PATHS = NO;
				CLANG_ANALYZER_NONNULL = YES;
				CLANG_CXX_LANGUAGE_STANDARD = "gnu++0x";
				CLANG_CXX_LIBRARY = "libc++";
				CLANG_ENABLE_MODULES = YES;
				CLANG_ENABLE_OBJC_ARC = YES;
				CLANG_WARN_BOOL_CONVERSION = YES;
				CLANG_WARN_CONSTANT_CONVERSION = YES;
				CLANG_WARN_DIRECT_OBJC_ISA_USAGE = YES_ERROR;
				CLANG_WARN_DOCUMENTATION_COMMENTS = YES;
				CLANG_WARN_EMPTY_BODY = YES;
				CLANG_WARN_ENUM_CONVERSION = YES;
				CLANG_WARN_INFINITE_RECURSION = YES;
				CLANG_WARN_INT_CONVERSION = YES;
				CLANG_WARN_OBJC_ROOT_CLASS = YES_ERROR;
				CLANG_WARN_SUSPICIOUS_MOVE = YES;
				CLANG_WARN_SUSPICIOUS_MOVES = YES;
				CLANG_WARN_UNREACHABLE_CODE = YES;
				CLANG_WARN__DUPLICATE_METHOD_MATCH = YES;
				CODE_SIGN_IDENTITY = "-";
				COPY_PHASE_STRIP = NO;
				DEBUG_INFORMATION_FORMAT = dwarf;
				ENABLE_STRICT_OBJC_MSGSEND = YES;
				ENABLE_TESTABILITY = YES;
				GCC_C_LANGUAGE_STANDARD = gnu99;
				GCC_DYNAMIC_NO_PIC = NO;
				GCC_NO_COMMON_BLOCKS = YES;
				GCC_OPTIMIZATION_LEVEL = 0;
				GCC_PREPROCESSOR_DEFINITIONS = (
					"DEBUG=1",
					"$(inherited)",
				);
				GCC_WARN_64_TO_32_BIT_CONVERSION = YES;
				GCC_WARN_ABOUT_RETURN_TYPE = YES_ERROR;
				GCC_WARN_UNDECLARED_SELECTOR = YES;
				GCC_WARN_UNINITIALIZED_AUTOS = YES_AGGRESSIVE;
				GCC_WARN_UNUSED_FUNCTION = YES;
				GCC_WARN_UNUSED_VARIABLE = YES;
				MACOSX_DEPLOYMENT_TARGET = 10.11;
				MTL_ENABLE_DEBUG_INFO = YES;
				ONLY_ACTIVE_ARCH = YES;
				SDKROOT = macosx;
				SWIFT_OPTIMIZATION_LEVEL = "-Onone";
			};
			name = Debug;
		};
		FA8207871DE2D7DF00333F8D /* Release */ = {
			isa = XCBuildConfiguration;
			buildSettings = {
				ALWAYS_SEARCH_USER_PATHS = NO;
				CLANG_ANALYZER_NONNULL = YES;
				CLANG_CXX_LANGUAGE_STANDARD = "gnu++0x";
				CLANG_CXX_LIBRARY = "libc++";
				CLANG_ENABLE_MODULES = YES;
				CLANG_ENABLE_OBJC_ARC = YES;
				CLANG_WARN_BOOL_CONVERSION = YES;
				CLANG_WARN_CONSTANT_CONVERSION = YES;
				CLANG_WARN_DIRECT_OBJC_ISA_USAGE = YES_ERROR;
				CLANG_WARN_DOCUMENTATION_COMMENTS = YES;
				CLANG_WARN_EMPTY_BODY = YES;
				CLANG_WARN_ENUM_CONVERSION = YES;
				CLANG_WARN_INFINITE_RECURSION = YES;
				CLANG_WARN_INT_CONVERSION = YES;
				CLANG_WARN_OBJC_ROOT_CLASS = YES_ERROR;
				CLANG_WARN_SUSPICIOUS_MOVE = YES;
				CLANG_WARN_SUSPICIOUS_MOVES = YES;
				CLANG_WARN_UNREACHABLE_CODE = YES;
				CLANG_WARN__DUPLICATE_METHOD_MATCH = YES;
				CODE_SIGN_IDENTITY = "-";
				COPY_PHASE_STRIP = NO;
				DEBUG_INFORMATION_FORMAT = "dwarf-with-dsym";
				ENABLE_NS_ASSERTIONS = NO;
				ENABLE_STRICT_OBJC_MSGSEND = YES;
				GCC_C_LANGUAGE_STANDARD = gnu99;
				GCC_NO_COMMON_BLOCKS = YES;
				GCC_WARN_64_TO_32_BIT_CONVERSION = YES;
				GCC_WARN_ABOUT_RETURN_TYPE = YES_ERROR;
				GCC_WARN_UNDECLARED_SELECTOR = YES;
				GCC_WARN_UNINITIALIZED_AUTOS = YES_AGGRESSIVE;
				GCC_WARN_UNUSED_FUNCTION = YES;
				GCC_WARN_UNUSED_VARIABLE = YES;
				MACOSX_DEPLOYMENT_TARGET = 10.11;
				MTL_ENABLE_DEBUG_INFO = NO;
				SDKROOT = macosx;
				SWIFT_OPTIMIZATION_LEVEL = "-Owholemodule";
			};
			name = Release;
		};
		FA8207891DE2D7DF00333F8D /* Debug */ = {
			isa = XCBuildConfiguration;
			buildSettings = {
				DEVELOPMENT_TEAM = GNGL9A39VR;
				INSTALL_PATH = /;
				PRODUCT_NAME = "$(TARGET_NAME)";
				SWIFT_VERSION = 3.0;
			};
			name = Debug;
		};
		FA82078A1DE2D7DF00333F8D /* Release */ = {
			isa = XCBuildConfiguration;
			buildSettings = {
				DEVELOPMENT_TEAM = GNGL9A39VR;
				INSTALL_PATH = /;
				PRODUCT_NAME = "$(TARGET_NAME)";
				SWIFT_VERSION = 3.0;
			};
			name = Release;
		};
/* End XCBuildConfiguration section */

/* Begin XCConfigurationList section */
		FA82077C1DE2D7DF00333F8D /* Build configuration list for PBXProject "SwiftDTO" */ = {
			isa = XCConfigurationList;
			buildConfigurations = (
				FA8207861DE2D7DF00333F8D /* Debug */,
				FA8207871DE2D7DF00333F8D /* Release */,
			);
			defaultConfigurationIsVisible = 0;
			defaultConfigurationName = Release;
		};
		FA8207881DE2D7DF00333F8D /* Build configuration list for PBXNativeTarget "SwiftDTO" */ = {
			isa = XCConfigurationList;
			buildConfigurations = (
				FA8207891DE2D7DF00333F8D /* Debug */,
				FA82078A1DE2D7DF00333F8D /* Release */,
			);
			defaultConfigurationIsVisible = 0;
			defaultConfigurationName = Release;
		};
/* End XCConfigurationList section */
	};
	rootObject = FA8207791DE2D7DF00333F8D /* Project object */;
}
