// !$*UTF8*$!
{
	archiveVersion = 1;
	classes = {
	};
	objectVersion = 46;
	objects = {

/* Begin PBXBuildFile section */
		369F5BEF1EA285F8005A229A /* Readme.txt in CopyFiles */ = {isa = PBXBuildFile; fileRef = 369F5BEE1EA285CD005A229A /* Readme.txt */; };
		369F5BF61EA287FA005A229A /* myDTO.xcdatamodel in CopyFiles */ = {isa = PBXBuildFile; fileRef = 369F5BF51EA287EC005A229A /* myDTO.xcdatamodel */; };
		FA01D7B71ED4A19C00E1CA25 /* AbstractPoiRequest.swift in Sources */ = {isa = PBXBuildFile; fileRef = FA01D78C1ED4A19C00E1CA25 /* AbstractPoiRequest.swift */; };
		FA01D7B81ED4A19C00E1CA25 /* AddPoiRequest.swift in Sources */ = {isa = PBXBuildFile; fileRef = FA01D78D1ED4A19C00E1CA25 /* AddPoiRequest.swift */; };
		FA01D7B91ED4A19C00E1CA25 /* AgeGroup.swift in Sources */ = {isa = PBXBuildFile; fileRef = FA01D78E1ED4A19C00E1CA25 /* AgeGroup.swift */; };
		FA01D7BA1ED4A19C00E1CA25 /* AgeGroupPerHousehold.swift in Sources */ = {isa = PBXBuildFile; fileRef = FA01D78F1ED4A19C00E1CA25 /* AgeGroupPerHousehold.swift */; };
		FA01D7BB1ED4A19C00E1CA25 /* Company.swift in Sources */ = {isa = PBXBuildFile; fileRef = FA01D7901ED4A19C00E1CA25 /* Company.swift */; };
		FA01D7BC1ED4A19C00E1CA25 /* CompanyVerificationRequest.swift in Sources */ = {isa = PBXBuildFile; fileRef = FA01D7911ED4A19C00E1CA25 /* CompanyVerificationRequest.swift */; };
		FA01D7BD1ED4A19C00E1CA25 /* CompanyVerificationResponse.swift in Sources */ = {isa = PBXBuildFile; fileRef = FA01D7921ED4A19C00E1CA25 /* CompanyVerificationResponse.swift */; };
		FA01D7BE1ED4A19C00E1CA25 /* DefaultRequest.swift in Sources */ = {isa = PBXBuildFile; fileRef = FA01D7931ED4A19C00E1CA25 /* DefaultRequest.swift */; };
		FA01D7BF1ED4A19C00E1CA25 /* DefaultResponse.swift in Sources */ = {isa = PBXBuildFile; fileRef = FA01D7941ED4A19C00E1CA25 /* DefaultResponse.swift */; };
		FA01D7C01ED4A19C00E1CA25 /* DeletePoiRequest.swift in Sources */ = {isa = PBXBuildFile; fileRef = FA01D7951ED4A19C00E1CA25 /* DeletePoiRequest.swift */; };
		FA01D7C11ED4A19C00E1CA25 /* DTO_Globals.swift in Sources */ = {isa = PBXBuildFile; fileRef = FA01D7961ED4A19C00E1CA25 /* DTO_Globals.swift */; };
		FA01D7C21ED4A19C00E1CA25 /* GeographicPosition.swift in Sources */ = {isa = PBXBuildFile; fileRef = FA01D7971ED4A19C00E1CA25 /* GeographicPosition.swift */; };
		FA01D7C31ED4A19C00E1CA25 /* GetPersonalDataResponse.swift in Sources */ = {isa = PBXBuildFile; fileRef = FA01D7981ED4A19C00E1CA25 /* GetPersonalDataResponse.swift */; };
		FA01D7C41ED4A19C00E1CA25 /* GetPersonsRequest.swift in Sources */ = {isa = PBXBuildFile; fileRef = FA01D7991ED4A19C00E1CA25 /* GetPersonsRequest.swift */; };
		FA01D7C51ED4A19C00E1CA25 /* GetPersonsResponse.swift in Sources */ = {isa = PBXBuildFile; fileRef = FA01D79A1ED4A19C00E1CA25 /* GetPersonsResponse.swift */; };
		FA01D7C61ED4A19C00E1CA25 /* GetPoisResponse.swift in Sources */ = {isa = PBXBuildFile; fileRef = FA01D79B1ED4A19C00E1CA25 /* GetPoisResponse.swift */; };
		FA01D7C71ED4A19C00E1CA25 /* Graduation.swift in Sources */ = {isa = PBXBuildFile; fileRef = FA01D79C1ED4A19C00E1CA25 /* Graduation.swift */; };
		FA01D7C81ED4A19C00E1CA25 /* Information.swift in Sources */ = {isa = PBXBuildFile; fileRef = FA01D79D1ED4A19C00E1CA25 /* Information.swift */; };
		FA01D7C91ED4A19C00E1CA25 /* LoginRequest.swift in Sources */ = {isa = PBXBuildFile; fileRef = FA01D79E1ED4A19C00E1CA25 /* LoginRequest.swift */; };
		FA01D7CA1ED4A19C00E1CA25 /* LoginResponse.swift in Sources */ = {isa = PBXBuildFile; fileRef = FA01D79F1ED4A19C00E1CA25 /* LoginResponse.swift */; };
		FA01D7CB1ED4A19C00E1CA25 /* Occupation.swift in Sources */ = {isa = PBXBuildFile; fileRef = FA01D7A01ED4A19C00E1CA25 /* Occupation.swift */; };
		FA01D7CC1ED4A19C00E1CA25 /* Person.swift in Sources */ = {isa = PBXBuildFile; fileRef = FA01D7A11ED4A19C00E1CA25 /* Person.swift */; };
		FA01D7CD1ED4A19C00E1CA25 /* PersonalData.swift in Sources */ = {isa = PBXBuildFile; fileRef = FA01D7A21ED4A19C00E1CA25 /* PersonalData.swift */; };
		FA01D7CE1ED4A19C00E1CA25 /* PersonalStatisticPerTrafficMode.swift in Sources */ = {isa = PBXBuildFile; fileRef = FA01D7A31ED4A19C00E1CA25 /* PersonalStatisticPerTrafficMode.swift */; };
		FA01D7CF1ED4A19C00E1CA25 /* Poi.swift in Sources */ = {isa = PBXBuildFile; fileRef = FA01D7A41ED4A19C00E1CA25 /* Poi.swift */; };
		FA01D7D01ED4A19C00E1CA25 /* Profile.swift in Sources */ = {isa = PBXBuildFile; fileRef = FA01D7A51ED4A19C00E1CA25 /* Profile.swift */; };
		FA01D7D11ED4A19C00E1CA25 /* QuantifiableError.swift in Sources */ = {isa = PBXBuildFile; fileRef = FA01D7A61ED4A19C00E1CA25 /* QuantifiableError.swift */; };
		FA01D7D21ED4A19C00E1CA25 /* QuantifiableWarning.swift in Sources */ = {isa = PBXBuildFile; fileRef = FA01D7A71ED4A19C00E1CA25 /* QuantifiableWarning.swift */; };
		FA01D7D31ED4A19C00E1CA25 /* RegistrationKeyDispatchRequest.swift in Sources */ = {isa = PBXBuildFile; fileRef = FA01D7A81ED4A19C00E1CA25 /* RegistrationKeyDispatchRequest.swift */; };
		FA01D7D41ED4A19C00E1CA25 /* RegistrationRequest.swift in Sources */ = {isa = PBXBuildFile; fileRef = FA01D7A91ED4A19C00E1CA25 /* RegistrationRequest.swift */; };
		FA01D7D51ED4A19C00E1CA25 /* ResetPasswordRequest.swift in Sources */ = {isa = PBXBuildFile; fileRef = FA01D7AA1ED4A19C00E1CA25 /* ResetPasswordRequest.swift */; };
		FA01D7D61ED4A19C00E1CA25 /* Role.swift in Sources */ = {isa = PBXBuildFile; fileRef = FA01D7AB1ED4A19C00E1CA25 /* Role.swift */; };
		FA01D7D71ED4A19C00E1CA25 /* RoleConstant.swift in Sources */ = {isa = PBXBuildFile; fileRef = FA01D7AC1ED4A19C00E1CA25 /* RoleConstant.swift */; };
		FA01D7D81ED4A19C00E1CA25 /* SalaryLevel.swift in Sources */ = {isa = PBXBuildFile; fileRef = FA01D7AD1ED4A19C00E1CA25 /* SalaryLevel.swift */; };
		FA01D7D91ED4A19C00E1CA25 /* SessionRequest.swift in Sources */ = {isa = PBXBuildFile; fileRef = FA01D7AE1ED4A19C00E1CA25 /* SessionRequest.swift */; };
		FA01D7DA1ED4A19C00E1CA25 /* SessionResponse.swift in Sources */ = {isa = PBXBuildFile; fileRef = FA01D7AF1ED4A19C00E1CA25 /* SessionResponse.swift */; };
		FA01D7DB1ED4A19C00E1CA25 /* TrafficMode.swift in Sources */ = {isa = PBXBuildFile; fileRef = FA01D7B01ED4A19C00E1CA25 /* TrafficMode.swift */; };
		FA01D7DC1ED4A19C00E1CA25 /* TrafficModeConstant.swift in Sources */ = {isa = PBXBuildFile; fileRef = FA01D7B11ED4A19C00E1CA25 /* TrafficModeConstant.swift */; };
		FA01D7DD1ED4A19C00E1CA25 /* TripPurpose.swift in Sources */ = {isa = PBXBuildFile; fileRef = FA01D7B21ED4A19C00E1CA25 /* TripPurpose.swift */; };
		FA01D7DE1ED4A19C00E1CA25 /* UpdatePasswordRequest.swift in Sources */ = {isa = PBXBuildFile; fileRef = FA01D7B31ED4A19C00E1CA25 /* UpdatePasswordRequest.swift */; };
		FA01D7DF1ED4A19C00E1CA25 /* UpdatePersonalDataRequest.swift in Sources */ = {isa = PBXBuildFile; fileRef = FA01D7B41ED4A19C00E1CA25 /* UpdatePersonalDataRequest.swift */; };
		FA01D7E01ED4A19C00E1CA25 /* UpdatePoiRequest.swift in Sources */ = {isa = PBXBuildFile; fileRef = FA01D7B51ED4A19C00E1CA25 /* UpdatePoiRequest.swift */; };
		FA01D7E11ED4A19C00E1CA25 /* Warning.swift in Sources */ = {isa = PBXBuildFile; fileRef = FA01D7B61ED4A19C00E1CA25 /* Warning.swift */; };
		FA8207851DE2D7DF00333F8D /* main.swift in Sources */ = {isa = PBXBuildFile; fileRef = FA8207841DE2D7DF00333F8D /* main.swift */; };
		FA82078F1DE2DA6C00333F8D /* RESTProperty.swift in Sources */ = {isa = PBXBuildFile; fileRef = FA82078B1DE2DA6C00333F8D /* RESTProperty.swift */; };
		FA8207901DE2DA6C00333F8D /* XCModelTranslator.swift in Sources */ = {isa = PBXBuildFile; fileRef = FA82078C1DE2DA6C00333F8D /* XCModelTranslator.swift */; };
		FA8207921DE2DA6C00333F8D /* ProtocolDeclaration.swift in Sources */ = {isa = PBXBuildFile; fileRef = FA82078E1DE2DA6C00333F8D /* ProtocolDeclaration.swift */; };
		FA8207931DE2DAAB00333F8D /* DTO_Globals.swift in CopyFiles */ = {isa = PBXBuildFile; fileRef = FA82078D1DE2DA6C00333F8D /* DTO_Globals.swift */; };
		FA9212C21ED2FA02007A0EE3 /* String+COAdditions.swift in Sources */ = {isa = PBXBuildFile; fileRef = FA9212C11ED2FA02007A0EE3 /* String+COAdditions.swift */; };
		FA9213EA1ED3056E007A0EE3 /* DTOError.swift in Sources */ = {isa = PBXBuildFile; fileRef = FA9213CD1ED3056E007A0EE3 /* DTOError.swift */; };
/* End PBXBuildFile section */

/* Begin PBXCopyFilesBuildPhase section */
		FA82077F1DE2D7DF00333F8D /* CopyFiles */ = {
			isa = PBXCopyFilesBuildPhase;
			buildActionMask = 12;
			dstPath = "";
			dstSubfolderSpec = 7;
			files = (
				FA8207931DE2DAAB00333F8D /* DTO_Globals.swift in CopyFiles */,
				369F5BEF1EA285F8005A229A /* Readme.txt in CopyFiles */,
				369F5BF61EA287FA005A229A /* myDTO.xcdatamodel in CopyFiles */,
			);
			runOnlyForDeploymentPostprocessing = 0;
		};
/* End PBXCopyFilesBuildPhase section */

/* Begin PBXFileReference section */
		363EC5A31EBF8AC200B7C0B0 /* .swiftlint.yml */ = {isa = PBXFileReference; fileEncoding = 4; lastKnownFileType = text; path = .swiftlint.yml; sourceTree = "<group>"; };
		363EC5A41EBF8ACF00B7C0B0 /* .gitignore */ = {isa = PBXFileReference; fileEncoding = 4; lastKnownFileType = text; path = .gitignore; sourceTree = "<group>"; };
		369F5BEE1EA285CD005A229A /* Readme.txt */ = {isa = PBXFileReference; lastKnownFileType = text; path = Readme.txt; sourceTree = "<group>"; };
		369F5BF51EA287EC005A229A /* myDTO.xcdatamodel */ = {isa = PBXFileReference; lastKnownFileType = wrapper.xcdatamodel; path = myDTO.xcdatamodel; sourceTree = "<group>"; };
		FA01D78C1ED4A19C00E1CA25 /* AbstractPoiRequest.swift */ = {isa = PBXFileReference; fileEncoding = 4; lastKnownFileType = sourcecode.swift; path = AbstractPoiRequest.swift; sourceTree = "<group>"; };
		FA01D78D1ED4A19C00E1CA25 /* AddPoiRequest.swift */ = {isa = PBXFileReference; fileEncoding = 4; lastKnownFileType = sourcecode.swift; path = AddPoiRequest.swift; sourceTree = "<group>"; };
		FA01D78E1ED4A19C00E1CA25 /* AgeGroup.swift */ = {isa = PBXFileReference; fileEncoding = 4; lastKnownFileType = sourcecode.swift; path = AgeGroup.swift; sourceTree = "<group>"; };
		FA01D78F1ED4A19C00E1CA25 /* AgeGroupPerHousehold.swift */ = {isa = PBXFileReference; fileEncoding = 4; lastKnownFileType = sourcecode.swift; path = AgeGroupPerHousehold.swift; sourceTree = "<group>"; };
		FA01D7901ED4A19C00E1CA25 /* Company.swift */ = {isa = PBXFileReference; fileEncoding = 4; lastKnownFileType = sourcecode.swift; path = Company.swift; sourceTree = "<group>"; };
		FA01D7911ED4A19C00E1CA25 /* CompanyVerificationRequest.swift */ = {isa = PBXFileReference; fileEncoding = 4; lastKnownFileType = sourcecode.swift; path = CompanyVerificationRequest.swift; sourceTree = "<group>"; };
		FA01D7921ED4A19C00E1CA25 /* CompanyVerificationResponse.swift */ = {isa = PBXFileReference; fileEncoding = 4; lastKnownFileType = sourcecode.swift; path = CompanyVerificationResponse.swift; sourceTree = "<group>"; };
		FA01D7931ED4A19C00E1CA25 /* DefaultRequest.swift */ = {isa = PBXFileReference; fileEncoding = 4; lastKnownFileType = sourcecode.swift; path = DefaultRequest.swift; sourceTree = "<group>"; };
		FA01D7941ED4A19C00E1CA25 /* DefaultResponse.swift */ = {isa = PBXFileReference; fileEncoding = 4; lastKnownFileType = sourcecode.swift; path = DefaultResponse.swift; sourceTree = "<group>"; };
		FA01D7951ED4A19C00E1CA25 /* DeletePoiRequest.swift */ = {isa = PBXFileReference; fileEncoding = 4; lastKnownFileType = sourcecode.swift; path = DeletePoiRequest.swift; sourceTree = "<group>"; };
		FA01D7961ED4A19C00E1CA25 /* DTO_Globals.swift */ = {isa = PBXFileReference; fileEncoding = 4; lastKnownFileType = sourcecode.swift; path = DTO_Globals.swift; sourceTree = "<group>"; };
		FA01D7971ED4A19C00E1CA25 /* GeographicPosition.swift */ = {isa = PBXFileReference; fileEncoding = 4; lastKnownFileType = sourcecode.swift; path = GeographicPosition.swift; sourceTree = "<group>"; };
		FA01D7981ED4A19C00E1CA25 /* GetPersonalDataResponse.swift */ = {isa = PBXFileReference; fileEncoding = 4; lastKnownFileType = sourcecode.swift; path = GetPersonalDataResponse.swift; sourceTree = "<group>"; };
		FA01D7991ED4A19C00E1CA25 /* GetPersonsRequest.swift */ = {isa = PBXFileReference; fileEncoding = 4; lastKnownFileType = sourcecode.swift; path = GetPersonsRequest.swift; sourceTree = "<group>"; };
		FA01D79A1ED4A19C00E1CA25 /* GetPersonsResponse.swift */ = {isa = PBXFileReference; fileEncoding = 4; lastKnownFileType = sourcecode.swift; path = GetPersonsResponse.swift; sourceTree = "<group>"; };
		FA01D79B1ED4A19C00E1CA25 /* GetPoisResponse.swift */ = {isa = PBXFileReference; fileEncoding = 4; lastKnownFileType = sourcecode.swift; path = GetPoisResponse.swift; sourceTree = "<group>"; };
		FA01D79C1ED4A19C00E1CA25 /* Graduation.swift */ = {isa = PBXFileReference; fileEncoding = 4; lastKnownFileType = sourcecode.swift; path = Graduation.swift; sourceTree = "<group>"; };
		FA01D79D1ED4A19C00E1CA25 /* Information.swift */ = {isa = PBXFileReference; fileEncoding = 4; lastKnownFileType = sourcecode.swift; path = Information.swift; sourceTree = "<group>"; };
		FA01D79E1ED4A19C00E1CA25 /* LoginRequest.swift */ = {isa = PBXFileReference; fileEncoding = 4; lastKnownFileType = sourcecode.swift; path = LoginRequest.swift; sourceTree = "<group>"; };
		FA01D79F1ED4A19C00E1CA25 /* LoginResponse.swift */ = {isa = PBXFileReference; fileEncoding = 4; lastKnownFileType = sourcecode.swift; path = LoginResponse.swift; sourceTree = "<group>"; };
		FA01D7A01ED4A19C00E1CA25 /* Occupation.swift */ = {isa = PBXFileReference; fileEncoding = 4; lastKnownFileType = sourcecode.swift; path = Occupation.swift; sourceTree = "<group>"; };
		FA01D7A11ED4A19C00E1CA25 /* Person.swift */ = {isa = PBXFileReference; fileEncoding = 4; lastKnownFileType = sourcecode.swift; path = Person.swift; sourceTree = "<group>"; };
		FA01D7A21ED4A19C00E1CA25 /* PersonalData.swift */ = {isa = PBXFileReference; fileEncoding = 4; lastKnownFileType = sourcecode.swift; path = PersonalData.swift; sourceTree = "<group>"; };
		FA01D7A31ED4A19C00E1CA25 /* PersonalStatisticPerTrafficMode.swift */ = {isa = PBXFileReference; fileEncoding = 4; lastKnownFileType = sourcecode.swift; path = PersonalStatisticPerTrafficMode.swift; sourceTree = "<group>"; };
		FA01D7A41ED4A19C00E1CA25 /* Poi.swift */ = {isa = PBXFileReference; fileEncoding = 4; lastKnownFileType = sourcecode.swift; path = Poi.swift; sourceTree = "<group>"; };
		FA01D7A51ED4A19C00E1CA25 /* Profile.swift */ = {isa = PBXFileReference; fileEncoding = 4; lastKnownFileType = sourcecode.swift; path = Profile.swift; sourceTree = "<group>"; };
		FA01D7A61ED4A19C00E1CA25 /* QuantifiableError.swift */ = {isa = PBXFileReference; fileEncoding = 4; lastKnownFileType = sourcecode.swift; path = QuantifiableError.swift; sourceTree = "<group>"; };
		FA01D7A71ED4A19C00E1CA25 /* QuantifiableWarning.swift */ = {isa = PBXFileReference; fileEncoding = 4; lastKnownFileType = sourcecode.swift; path = QuantifiableWarning.swift; sourceTree = "<group>"; };
		FA01D7A81ED4A19C00E1CA25 /* RegistrationKeyDispatchRequest.swift */ = {isa = PBXFileReference; fileEncoding = 4; lastKnownFileType = sourcecode.swift; path = RegistrationKeyDispatchRequest.swift; sourceTree = "<group>"; };
		FA01D7A91ED4A19C00E1CA25 /* RegistrationRequest.swift */ = {isa = PBXFileReference; fileEncoding = 4; lastKnownFileType = sourcecode.swift; path = RegistrationRequest.swift; sourceTree = "<group>"; };
		FA01D7AA1ED4A19C00E1CA25 /* ResetPasswordRequest.swift */ = {isa = PBXFileReference; fileEncoding = 4; lastKnownFileType = sourcecode.swift; path = ResetPasswordRequest.swift; sourceTree = "<group>"; };
		FA01D7AB1ED4A19C00E1CA25 /* Role.swift */ = {isa = PBXFileReference; fileEncoding = 4; lastKnownFileType = sourcecode.swift; path = Role.swift; sourceTree = "<group>"; };
		FA01D7AC1ED4A19C00E1CA25 /* RoleConstant.swift */ = {isa = PBXFileReference; fileEncoding = 4; lastKnownFileType = sourcecode.swift; path = RoleConstant.swift; sourceTree = "<group>"; };
		FA01D7AD1ED4A19C00E1CA25 /* SalaryLevel.swift */ = {isa = PBXFileReference; fileEncoding = 4; lastKnownFileType = sourcecode.swift; path = SalaryLevel.swift; sourceTree = "<group>"; };
		FA01D7AE1ED4A19C00E1CA25 /* SessionRequest.swift */ = {isa = PBXFileReference; fileEncoding = 4; lastKnownFileType = sourcecode.swift; path = SessionRequest.swift; sourceTree = "<group>"; };
		FA01D7AF1ED4A19C00E1CA25 /* SessionResponse.swift */ = {isa = PBXFileReference; fileEncoding = 4; lastKnownFileType = sourcecode.swift; path = SessionResponse.swift; sourceTree = "<group>"; };
		FA01D7B01ED4A19C00E1CA25 /* TrafficMode.swift */ = {isa = PBXFileReference; fileEncoding = 4; lastKnownFileType = sourcecode.swift; path = TrafficMode.swift; sourceTree = "<group>"; };
		FA01D7B11ED4A19C00E1CA25 /* TrafficModeConstant.swift */ = {isa = PBXFileReference; fileEncoding = 4; lastKnownFileType = sourcecode.swift; path = TrafficModeConstant.swift; sourceTree = "<group>"; };
		FA01D7B21ED4A19C00E1CA25 /* TripPurpose.swift */ = {isa = PBXFileReference; fileEncoding = 4; lastKnownFileType = sourcecode.swift; path = TripPurpose.swift; sourceTree = "<group>"; };
		FA01D7B31ED4A19C00E1CA25 /* UpdatePasswordRequest.swift */ = {isa = PBXFileReference; fileEncoding = 4; lastKnownFileType = sourcecode.swift; path = UpdatePasswordRequest.swift; sourceTree = "<group>"; };
		FA01D7B41ED4A19C00E1CA25 /* UpdatePersonalDataRequest.swift */ = {isa = PBXFileReference; fileEncoding = 4; lastKnownFileType = sourcecode.swift; path = UpdatePersonalDataRequest.swift; sourceTree = "<group>"; };
		FA01D7B51ED4A19C00E1CA25 /* UpdatePoiRequest.swift */ = {isa = PBXFileReference; fileEncoding = 4; lastKnownFileType = sourcecode.swift; path = UpdatePoiRequest.swift; sourceTree = "<group>"; };
		FA01D7B61ED4A19C00E1CA25 /* Warning.swift */ = {isa = PBXFileReference; fileEncoding = 4; lastKnownFileType = sourcecode.swift; path = Warning.swift; sourceTree = "<group>"; };
		FA8207811DE2D7DF00333F8D /* SwiftDTO */ = {isa = PBXFileReference; explicitFileType = "compiled.mach-o.executable"; includeInIndex = 0; path = SwiftDTO; sourceTree = BUILT_PRODUCTS_DIR; };
		FA8207841DE2D7DF00333F8D /* main.swift */ = {isa = PBXFileReference; lastKnownFileType = sourcecode.swift; path = main.swift; sourceTree = "<group>"; };
		FA82078B1DE2DA6C00333F8D /* RESTProperty.swift */ = {isa = PBXFileReference; fileEncoding = 4; lastKnownFileType = sourcecode.swift; path = RESTProperty.swift; sourceTree = "<group>"; };
		FA82078C1DE2DA6C00333F8D /* XCModelTranslator.swift */ = {isa = PBXFileReference; fileEncoding = 4; lastKnownFileType = sourcecode.swift; path = XCModelTranslator.swift; sourceTree = "<group>"; };
		FA82078D1DE2DA6C00333F8D /* DTO_Globals.swift */ = {isa = PBXFileReference; fileEncoding = 4; lastKnownFileType = sourcecode.swift; path = DTO_Globals.swift; sourceTree = "<group>"; };
		FA82078E1DE2DA6C00333F8D /* ProtocolDeclaration.swift */ = {isa = PBXFileReference; fileEncoding = 4; lastKnownFileType = sourcecode.swift; path = ProtocolDeclaration.swift; sourceTree = "<group>"; };
		FA8207941DE2DFC600333F8D /* LICENSE */ = {isa = PBXFileReference; fileEncoding = 4; lastKnownFileType = text; path = LICENSE; sourceTree = "<group>"; };
		FA8207951DE2DFC600333F8D /* README.md */ = {isa = PBXFileReference; fileEncoding = 4; lastKnownFileType = net.daringfireball.markdown; path = README.md; sourceTree = "<group>"; };
		FA82079A1DE30D8B00333F8D /* CDData.xcdatamodel */ = {isa = PBXFileReference; lastKnownFileType = wrapper.xcdatamodel; path = CDData.xcdatamodel; sourceTree = "<group>"; };
		FA9212C11ED2FA02007A0EE3 /* String+COAdditions.swift */ = {isa = PBXFileReference; fileEncoding = 4; lastKnownFileType = sourcecode.swift; path = "String+COAdditions.swift"; sourceTree = "<group>"; };
		FA9213CD1ED3056E007A0EE3 /* DTOError.swift */ = {isa = PBXFileReference; fileEncoding = 4; lastKnownFileType = sourcecode.swift; path = DTOError.swift; sourceTree = "<group>"; };
/* End PBXFileReference section */

/* Begin PBXFrameworksBuildPhase section */
		FA82077E1DE2D7DF00333F8D /* Frameworks */ = {
			isa = PBXFrameworksBuildPhase;
			buildActionMask = 2147483647;
			files = (
			);
			runOnlyForDeploymentPostprocessing = 0;
		};
/* End PBXFrameworksBuildPhase section */

/* Begin PBXGroup section */
		FA8207781DE2D7DF00333F8D = {
			isa = PBXGroup;
			children = (
				363EC5A41EBF8ACF00B7C0B0 /* .gitignore */,
				363EC5A31EBF8AC200B7C0B0 /* .swiftlint.yml */,
				FA8207941DE2DFC600333F8D /* LICENSE */,
				FA8207951DE2DFC600333F8D /* README.md */,
				FA8207831DE2D7DF00333F8D /* SwiftDTO */,
				FA8207821DE2D7DF00333F8D /* Products */,
			);
			sourceTree = "<group>";
		};
		FA8207821DE2D7DF00333F8D /* Products */ = {
			isa = PBXGroup;
			children = (
				FA8207811DE2D7DF00333F8D /* SwiftDTO */,
			);
			name = Products;
			sourceTree = "<group>";
		};
		FA8207831DE2D7DF00333F8D /* SwiftDTO */ = {
			isa = PBXGroup;
			children = (
				FA8207841DE2D7DF00333F8D /* main.swift */,
				FA82078C1DE2DA6C00333F8D /* XCModelTranslator.swift */,
				FA82078B1DE2DA6C00333F8D /* RESTProperty.swift */,
				FA82078E1DE2DA6C00333F8D /* ProtocolDeclaration.swift */,
				FA9212C11ED2FA02007A0EE3 /* String+COAdditions.swift */,
				FA82078D1DE2DA6C00333F8D /* DTO_Globals.swift */,
				369F5BF51EA287EC005A229A /* myDTO.xcdatamodel */,
				369F5BEE1EA285CD005A229A /* Readme.txt */,
				FA8207971DE2FE7500333F8D /* example */,
			);
			path = SwiftDTO;
			sourceTree = "<group>";
		};
		FA8207971DE2FE7500333F8D /* example */ = {
			isa = PBXGroup;
			children = (
				FA82079C1DE30E2400333F8D /* GeneratedFiles */,
				FA82079A1DE30D8B00333F8D /* CDData.xcdatamodel */,
			);
			path = example;
			sourceTree = "<group>";
		};
		FA82079C1DE30E2400333F8D /* GeneratedFiles */ = {
			isa = PBXGroup;
			children = (
				FA01D78C1ED4A19C00E1CA25 /* AbstractPoiRequest.swift */,
				FA01D78D1ED4A19C00E1CA25 /* AddPoiRequest.swift */,
				FA01D78E1ED4A19C00E1CA25 /* AgeGroup.swift */,
				FA01D78F1ED4A19C00E1CA25 /* AgeGroupPerHousehold.swift */,
				FA01D7901ED4A19C00E1CA25 /* Company.swift */,
				FA01D7911ED4A19C00E1CA25 /* CompanyVerificationRequest.swift */,
				FA01D7921ED4A19C00E1CA25 /* CompanyVerificationResponse.swift */,
				FA01D7931ED4A19C00E1CA25 /* DefaultRequest.swift */,
				FA01D7941ED4A19C00E1CA25 /* DefaultResponse.swift */,
				FA01D7951ED4A19C00E1CA25 /* DeletePoiRequest.swift */,
				FA01D7961ED4A19C00E1CA25 /* DTO_Globals.swift */,
				FA01D7971ED4A19C00E1CA25 /* GeographicPosition.swift */,
				FA01D7981ED4A19C00E1CA25 /* GetPersonalDataResponse.swift */,
				FA01D7991ED4A19C00E1CA25 /* GetPersonsRequest.swift */,
				FA01D79A1ED4A19C00E1CA25 /* GetPersonsResponse.swift */,
				FA01D79B1ED4A19C00E1CA25 /* GetPoisResponse.swift */,
				FA01D79C1ED4A19C00E1CA25 /* Graduation.swift */,
				FA01D79D1ED4A19C00E1CA25 /* Information.swift */,
				FA01D79E1ED4A19C00E1CA25 /* LoginRequest.swift */,
				FA01D79F1ED4A19C00E1CA25 /* LoginResponse.swift */,
				FA01D7A01ED4A19C00E1CA25 /* Occupation.swift */,
				FA01D7A11ED4A19C00E1CA25 /* Person.swift */,
				FA01D7A21ED4A19C00E1CA25 /* PersonalData.swift */,
				FA01D7A31ED4A19C00E1CA25 /* PersonalStatisticPerTrafficMode.swift */,
				FA01D7A41ED4A19C00E1CA25 /* Poi.swift */,
				FA01D7A51ED4A19C00E1CA25 /* Profile.swift */,
				FA01D7A61ED4A19C00E1CA25 /* QuantifiableError.swift */,
				FA01D7A71ED4A19C00E1CA25 /* QuantifiableWarning.swift */,
				FA01D7A81ED4A19C00E1CA25 /* RegistrationKeyDispatchRequest.swift */,
				FA01D7A91ED4A19C00E1CA25 /* RegistrationRequest.swift */,
				FA01D7AA1ED4A19C00E1CA25 /* ResetPasswordRequest.swift */,
				FA01D7AB1ED4A19C00E1CA25 /* Role.swift */,
				FA01D7AC1ED4A19C00E1CA25 /* RoleConstant.swift */,
				FA01D7AD1ED4A19C00E1CA25 /* SalaryLevel.swift */,
				FA01D7AE1ED4A19C00E1CA25 /* SessionRequest.swift */,
				FA01D7AF1ED4A19C00E1CA25 /* SessionResponse.swift */,
				FA01D7B01ED4A19C00E1CA25 /* TrafficMode.swift */,
				FA01D7B11ED4A19C00E1CA25 /* TrafficModeConstant.swift */,
				FA01D7B21ED4A19C00E1CA25 /* TripPurpose.swift */,
				FA01D7B31ED4A19C00E1CA25 /* UpdatePasswordRequest.swift */,
				FA01D7B41ED4A19C00E1CA25 /* UpdatePersonalDataRequest.swift */,
				FA01D7B51ED4A19C00E1CA25 /* UpdatePoiRequest.swift */,
				FA01D7B61ED4A19C00E1CA25 /* Warning.swift */,
				FA9213CD1ED3056E007A0EE3 /* DTOError.swift */,
			);
			path = GeneratedFiles;
			sourceTree = "<group>";
		};
/* End PBXGroup section */

/* Begin PBXNativeTarget section */
		FA8207801DE2D7DF00333F8D /* SwiftDTO */ = {
			isa = PBXNativeTarget;
			buildConfigurationList = FA8207881DE2D7DF00333F8D /* Build configuration list for PBXNativeTarget "SwiftDTO" */;
			buildPhases = (
				FA82077D1DE2D7DF00333F8D /* Sources */,
				FA82077E1DE2D7DF00333F8D /* Frameworks */,
				FA82077F1DE2D7DF00333F8D /* CopyFiles */,
				363EC5A51EBF8B1F00B7C0B0 /* ShellScript */,
			);
			buildRules = (
			);
			dependencies = (
			);
			name = SwiftDTO;
			productName = SwiftDTO;
			productReference = FA8207811DE2D7DF00333F8D /* SwiftDTO */;
			productType = "com.apple.product-type.tool";
		};
/* End PBXNativeTarget section */

/* Begin PBXProject section */
		FA8207791DE2D7DF00333F8D /* Project object */ = {
			isa = PBXProject;
			attributes = {
				LastSwiftUpdateCheck = 0810;
				LastUpgradeCheck = 0830;
				ORGANIZATIONNAME = Farbflash;
				TargetAttributes = {
					FA8207801DE2D7DF00333F8D = {
						CreatedOnToolsVersion = 8.1;
						DevelopmentTeam = GNGL9A39VR;
						ProvisioningStyle = Automatic;
					};
				};
			};
			buildConfigurationList = FA82077C1DE2D7DF00333F8D /* Build configuration list for PBXProject "SwiftDTO" */;
			compatibilityVersion = "Xcode 3.2";
			developmentRegion = English;
			hasScannedForEncodings = 0;
			knownRegions = (
				en,
			);
			mainGroup = FA8207781DE2D7DF00333F8D;
			productRefGroup = FA8207821DE2D7DF00333F8D /* Products */;
			projectDirPath = "";
			projectRoot = "";
			targets = (
				FA8207801DE2D7DF00333F8D /* SwiftDTO */,
			);
		};
/* End PBXProject section */

/* Begin PBXShellScriptBuildPhase section */
		363EC5A51EBF8B1F00B7C0B0 /* ShellScript */ = {
			isa = PBXShellScriptBuildPhase;
			buildActionMask = 2147483647;
			files = (
			);
			inputPaths = (
			);
			outputPaths = (
			);
			runOnlyForDeploymentPostprocessing = 0;
			shellPath = /bin/sh;
			shellScript = "if which swiftlint >/dev/null; then\nswiftlint autocorrect\nswiftlint\nelse\necho \"warning: SwiftLint not installed, download from https://github.com/realm/SwiftLint\"\nfi";
		};
/* End PBXShellScriptBuildPhase section */

/* Begin PBXSourcesBuildPhase section */
		FA82077D1DE2D7DF00333F8D /* Sources */ = {
			isa = PBXSourcesBuildPhase;
			buildActionMask = 2147483647;
			files = (
				FA01D7B81ED4A19C00E1CA25 /* AddPoiRequest.swift in Sources */,
				FA9212C21ED2FA02007A0EE3 /* String+COAdditions.swift in Sources */,
				FA01D7D31ED4A19C00E1CA25 /* RegistrationKeyDispatchRequest.swift in Sources */,
				FA01D7C61ED4A19C00E1CA25 /* GetPoisResponse.swift in Sources */,
				FA01D7B91ED4A19C00E1CA25 /* AgeGroup.swift in Sources */,
				FA01D7C21ED4A19C00E1CA25 /* GeographicPosition.swift in Sources */,
				FA01D7D91ED4A19C00E1CA25 /* SessionRequest.swift in Sources */,
				FA82078F1DE2DA6C00333F8D /* RESTProperty.swift in Sources */,
				FA01D7E11ED4A19C00E1CA25 /* Warning.swift in Sources */,
				FA01D7CA1ED4A19C00E1CA25 /* LoginResponse.swift in Sources */,
				FA01D7D81ED4A19C00E1CA25 /* SalaryLevel.swift in Sources */,
				FA01D7BF1ED4A19C00E1CA25 /* DefaultResponse.swift in Sources */,
				FA01D7C01ED4A19C00E1CA25 /* DeletePoiRequest.swift in Sources */,
				FA01D7BC1ED4A19C00E1CA25 /* CompanyVerificationRequest.swift in Sources */,
				FA01D7C31ED4A19C00E1CA25 /* GetPersonalDataResponse.swift in Sources */,
				FA01D7DF1ED4A19C00E1CA25 /* UpdatePersonalDataRequest.swift in Sources */,
				FA01D7D41ED4A19C00E1CA25 /* RegistrationRequest.swift in Sources */,
				FA01D7BD1ED4A19C00E1CA25 /* CompanyVerificationResponse.swift in Sources */,
				FA01D7B71ED4A19C00E1CA25 /* AbstractPoiRequest.swift in Sources */,
				FA01D7DE1ED4A19C00E1CA25 /* UpdatePasswordRequest.swift in Sources */,
				FA01D7DA1ED4A19C00E1CA25 /* SessionResponse.swift in Sources */,
				FA01D7CE1ED4A19C00E1CA25 /* PersonalStatisticPerTrafficMode.swift in Sources */,
				FA01D7E01ED4A19C00E1CA25 /* UpdatePoiRequest.swift in Sources */,
				FA01D7BA1ED4A19C00E1CA25 /* AgeGroupPerHousehold.swift in Sources */,
				FA9213EA1ED3056E007A0EE3 /* DTOError.swift in Sources */,
				FA01D7C71ED4A19C00E1CA25 /* Graduation.swift in Sources */,
				FA01D7BB1ED4A19C00E1CA25 /* Company.swift in Sources */,
				FA8207851DE2D7DF00333F8D /* main.swift in Sources */,
				FA01D7D61ED4A19C00E1CA25 /* Role.swift in Sources */,
				FA01D7CC1ED4A19C00E1CA25 /* Person.swift in Sources */,
				FA01D7C11ED4A19C00E1CA25 /* DTO_Globals.swift in Sources */,
				FA01D7D11ED4A19C00E1CA25 /* QuantifiableError.swift in Sources */,
				FA01D7C91ED4A19C00E1CA25 /* LoginRequest.swift in Sources */,
				FA01D7CF1ED4A19C00E1CA25 /* Poi.swift in Sources */,
				FA01D7C81ED4A19C00E1CA25 /* Information.swift in Sources */,
				FA01D7D71ED4A19C00E1CA25 /* RoleConstant.swift in Sources */,
				FA8207921DE2DA6C00333F8D /* ProtocolDeclaration.swift in Sources */,
				FA01D7D01ED4A19C00E1CA25 /* Profile.swift in Sources */,
				FA01D7DC1ED4A19C00E1CA25 /* TrafficModeConstant.swift in Sources */,
				FA01D7C41ED4A19C00E1CA25 /* GetPersonsRequest.swift in Sources */,
				FA01D7CD1ED4A19C00E1CA25 /* PersonalData.swift in Sources */,
				FA01D7DD1ED4A19C00E1CA25 /* TripPurpose.swift in Sources */,
				FA8207901DE2DA6C00333F8D /* XCModelTranslator.swift in Sources */,
				FA01D7DB1ED4A19C00E1CA25 /* TrafficMode.swift in Sources */,
				FA01D7CB1ED4A19C00E1CA25 /* Occupation.swift in Sources */,
				FA01D7D51ED4A19C00E1CA25 /* ResetPasswordRequest.swift in Sources */,
				FA01D7D21ED4A19C00E1CA25 /* QuantifiableWarning.swift in Sources */,
				FA01D7BE1ED4A19C00E1CA25 /* DefaultRequest.swift in Sources */,
				FA01D7C51ED4A19C00E1CA25 /* GetPersonsResponse.swift in Sources */,
			);
			runOnlyForDeploymentPostprocessing = 0;
		};
/* End PBXSourcesBuildPhase section */

/* Begin XCBuildConfiguration section */
		FA8207861DE2D7DF00333F8D /* Debug */ = {
			isa = XCBuildConfiguration;
			buildSettings = {
				ALWAYS_SEARCH_USER_PATHS = NO;
				CLANG_ANALYZER_NONNULL = YES;
				CLANG_CXX_LANGUAGE_STANDARD = "gnu++0x";
				CLANG_CXX_LIBRARY = "libc++";
				CLANG_ENABLE_MODULES = YES;
				CLANG_ENABLE_OBJC_ARC = YES;
				CLANG_WARN_BOOL_CONVERSION = YES;
				CLANG_WARN_CONSTANT_CONVERSION = YES;
				CLANG_WARN_DIRECT_OBJC_ISA_USAGE = YES_ERROR;
				CLANG_WARN_DOCUMENTATION_COMMENTS = YES;
				CLANG_WARN_EMPTY_BODY = YES;
				CLANG_WARN_ENUM_CONVERSION = YES;
				CLANG_WARN_INFINITE_RECURSION = YES;
				CLANG_WARN_INT_CONVERSION = YES;
				CLANG_WARN_OBJC_ROOT_CLASS = YES_ERROR;
				CLANG_WARN_SUSPICIOUS_MOVE = YES;
				CLANG_WARN_SUSPICIOUS_MOVES = YES;
				CLANG_WARN_UNREACHABLE_CODE = YES;
				CLANG_WARN__DUPLICATE_METHOD_MATCH = YES;
				CODE_SIGN_IDENTITY = "-";
				COPY_PHASE_STRIP = NO;
				DEBUG_INFORMATION_FORMAT = dwarf;
				ENABLE_STRICT_OBJC_MSGSEND = YES;
				ENABLE_TESTABILITY = YES;
				GCC_C_LANGUAGE_STANDARD = gnu99;
				GCC_DYNAMIC_NO_PIC = NO;
				GCC_NO_COMMON_BLOCKS = YES;
				GCC_OPTIMIZATION_LEVEL = 0;
				GCC_PREPROCESSOR_DEFINITIONS = (
					"DEBUG=1",
					"$(inherited)",
				);
				GCC_WARN_64_TO_32_BIT_CONVERSION = YES;
				GCC_WARN_ABOUT_RETURN_TYPE = YES_ERROR;
				GCC_WARN_UNDECLARED_SELECTOR = YES;
				GCC_WARN_UNINITIALIZED_AUTOS = YES_AGGRESSIVE;
				GCC_WARN_UNUSED_FUNCTION = YES;
				GCC_WARN_UNUSED_VARIABLE = YES;
				MACOSX_DEPLOYMENT_TARGET = 10.11;
				MTL_ENABLE_DEBUG_INFO = YES;
				ONLY_ACTIVE_ARCH = YES;
				SDKROOT = macosx;
				SWIFT_OPTIMIZATION_LEVEL = "-Onone";
			};
			name = Debug;
		};
		FA8207871DE2D7DF00333F8D /* Release */ = {
			isa = XCBuildConfiguration;
			buildSettings = {
				ALWAYS_SEARCH_USER_PATHS = NO;
				CLANG_ANALYZER_NONNULL = YES;
				CLANG_CXX_LANGUAGE_STANDARD = "gnu++0x";
				CLANG_CXX_LIBRARY = "libc++";
				CLANG_ENABLE_MODULES = YES;
				CLANG_ENABLE_OBJC_ARC = YES;
				CLANG_WARN_BOOL_CONVERSION = YES;
				CLANG_WARN_CONSTANT_CONVERSION = YES;
				CLANG_WARN_DIRECT_OBJC_ISA_USAGE = YES_ERROR;
				CLANG_WARN_DOCUMENTATION_COMMENTS = YES;
				CLANG_WARN_EMPTY_BODY = YES;
				CLANG_WARN_ENUM_CONVERSION = YES;
				CLANG_WARN_INFINITE_RECURSION = YES;
				CLANG_WARN_INT_CONVERSION = YES;
				CLANG_WARN_OBJC_ROOT_CLASS = YES_ERROR;
				CLANG_WARN_SUSPICIOUS_MOVE = YES;
				CLANG_WARN_SUSPICIOUS_MOVES = YES;
				CLANG_WARN_UNREACHABLE_CODE = YES;
				CLANG_WARN__DUPLICATE_METHOD_MATCH = YES;
				CODE_SIGN_IDENTITY = "-";
				COPY_PHASE_STRIP = NO;
				DEBUG_INFORMATION_FORMAT = "dwarf-with-dsym";
				ENABLE_NS_ASSERTIONS = NO;
				ENABLE_STRICT_OBJC_MSGSEND = YES;
				GCC_C_LANGUAGE_STANDARD = gnu99;
				GCC_NO_COMMON_BLOCKS = YES;
				GCC_WARN_64_TO_32_BIT_CONVERSION = YES;
				GCC_WARN_ABOUT_RETURN_TYPE = YES_ERROR;
				GCC_WARN_UNDECLARED_SELECTOR = YES;
				GCC_WARN_UNINITIALIZED_AUTOS = YES_AGGRESSIVE;
				GCC_WARN_UNUSED_FUNCTION = YES;
				GCC_WARN_UNUSED_VARIABLE = YES;
				MACOSX_DEPLOYMENT_TARGET = 10.11;
				MTL_ENABLE_DEBUG_INFO = NO;
				SDKROOT = macosx;
				SWIFT_OPTIMIZATION_LEVEL = "-Owholemodule";
			};
			name = Release;
		};
		FA8207891DE2D7DF00333F8D /* Debug */ = {
			isa = XCBuildConfiguration;
			buildSettings = {
				DEVELOPMENT_TEAM = GNGL9A39VR;
				INSTALL_PATH = /;
				PRODUCT_NAME = "$(TARGET_NAME)";
				SWIFT_VERSION = 3.0;
			};
			name = Debug;
		};
		FA82078A1DE2D7DF00333F8D /* Release */ = {
			isa = XCBuildConfiguration;
			buildSettings = {
				DEVELOPMENT_TEAM = GNGL9A39VR;
				INSTALL_PATH = /;
				PRODUCT_NAME = "$(TARGET_NAME)";
				SWIFT_VERSION = 3.0;
			};
			name = Release;
		};
/* End XCBuildConfiguration section */

/* Begin XCConfigurationList section */
		FA82077C1DE2D7DF00333F8D /* Build configuration list for PBXProject "SwiftDTO" */ = {
			isa = XCConfigurationList;
			buildConfigurations = (
				FA8207861DE2D7DF00333F8D /* Debug */,
				FA8207871DE2D7DF00333F8D /* Release */,
			);
			defaultConfigurationIsVisible = 0;
			defaultConfigurationName = Release;
		};
		FA8207881DE2D7DF00333F8D /* Build configuration list for PBXNativeTarget "SwiftDTO" */ = {
			isa = XCConfigurationList;
			buildConfigurations = (
				FA8207891DE2D7DF00333F8D /* Debug */,
				FA82078A1DE2D7DF00333F8D /* Release */,
			);
			defaultConfigurationIsVisible = 0;
			defaultConfigurationName = Release;
		};
/* End XCConfigurationList section */
	};
	rootObject = FA8207791DE2D7DF00333F8D /* Project object */;
}
