// !$*UTF8*$!
{
	archiveVersion = 1;
	classes = {
	};
	objectVersion = 46;
	objects = {

/* Begin PBXBuildFile section */
		367046B91EDC03CF009B392A /* LentObj.swift in Sources */ = {isa = PBXBuildFile; fileRef = 367046B81EDC03CF009B392A /* LentObj.swift */; };
		367046FE1EDC03DA009B392A /* GetPersonsResponse.swift in Sources */ = {isa = PBXBuildFile; fileRef = 367046BA1EDC03DA009B392A /* GetPersonsResponse.swift */; };
		367046FF1EDC03DA009B392A /* GetPoisResponse.swift in Sources */ = {isa = PBXBuildFile; fileRef = 367046BB1EDC03DA009B392A /* GetPoisResponse.swift */; };
		367047001EDC03DA009B392A /* GetStatisticResponse.swift in Sources */ = {isa = PBXBuildFile; fileRef = 367046BC1EDC03DA009B392A /* GetStatisticResponse.swift */; };
		367047011EDC03DA009B392A /* GetTracksRequest.swift in Sources */ = {isa = PBXBuildFile; fileRef = 367046BD1EDC03DA009B392A /* GetTracksRequest.swift */; };
		367047021EDC03DA009B392A /* GetTracksResponse.swift in Sources */ = {isa = PBXBuildFile; fileRef = 367046BE1EDC03DA009B392A /* GetTracksResponse.swift */; };
		367047031EDC03DA009B392A /* Graduation.swift in Sources */ = {isa = PBXBuildFile; fileRef = 367046BF1EDC03DA009B392A /* Graduation.swift */; };
		367047041EDC03DA009B392A /* LoginRequest.swift in Sources */ = {isa = PBXBuildFile; fileRef = 367046C01EDC03DA009B392A /* LoginRequest.swift */; };
		367047051EDC03DA009B392A /* LoginResponse.swift in Sources */ = {isa = PBXBuildFile; fileRef = 367046C11EDC03DA009B392A /* LoginResponse.swift */; };
		367047061EDC03DA009B392A /* MetaDataRecord.swift in Sources */ = {isa = PBXBuildFile; fileRef = 367046C21EDC03DA009B392A /* MetaDataRecord.swift */; };
		367047071EDC03DA009B392A /* ObjType.swift in Sources */ = {isa = PBXBuildFile; fileRef = 367046C31EDC03DA009B392A /* ObjType.swift */; };
		367047081EDC03DA009B392A /* Occupation.swift in Sources */ = {isa = PBXBuildFile; fileRef = 367046C41EDC03DA009B392A /* Occupation.swift */; };
		367047091EDC03DA009B392A /* OverallStatistic.swift in Sources */ = {isa = PBXBuildFile; fileRef = 367046C51EDC03DA009B392A /* OverallStatistic.swift */; };
		3670470A1EDC03DA009B392A /* PersonalData.swift in Sources */ = {isa = PBXBuildFile; fileRef = 367046C61EDC03DA009B392A /* PersonalData.swift */; };
		3670470B1EDC03DA009B392A /* Poi.swift in Sources */ = {isa = PBXBuildFile; fileRef = 367046C71EDC03DA009B392A /* Poi.swift */; };
		3670470C1EDC03DA009B392A /* Profile.swift in Sources */ = {isa = PBXBuildFile; fileRef = 367046C81EDC03DA009B392A /* Profile.swift */; };
		3670470D1EDC03DA009B392A /* RegistrationKeyDispatchRequest.swift in Sources */ = {isa = PBXBuildFile; fileRef = 367046C91EDC03DA009B392A /* RegistrationKeyDispatchRequest.swift */; };
		3670470E1EDC03DA009B392A /* RegistrationRequest.swift in Sources */ = {isa = PBXBuildFile; fileRef = 367046CA1EDC03DA009B392A /* RegistrationRequest.swift */; };
		3670470F1EDC03DA009B392A /* ResetPasswordRequest.swift in Sources */ = {isa = PBXBuildFile; fileRef = 367046CB1EDC03DA009B392A /* ResetPasswordRequest.swift */; };
		367047101EDC03DA009B392A /* Role.swift in Sources */ = {isa = PBXBuildFile; fileRef = 367046CC1EDC03DA009B392A /* Role.swift */; };
		367047111EDC03DA009B392A /* SalaryLevel.swift in Sources */ = {isa = PBXBuildFile; fileRef = 367046CD1EDC03DA009B392A /* SalaryLevel.swift */; };
		367047121EDC03DA009B392A /* Segment.swift in Sources */ = {isa = PBXBuildFile; fileRef = 367046CE1EDC03DA009B392A /* Segment.swift */; };
		367047131EDC03DA009B392A /* SetSensorDataRequest.swift in Sources */ = {isa = PBXBuildFile; fileRef = 367046CF1EDC03DA009B392A /* SetSensorDataRequest.swift */; };
		367047141EDC03DA009B392A /* Track.swift in Sources */ = {isa = PBXBuildFile; fileRef = 367046D01EDC03DA009B392A /* Track.swift */; };
		367047151EDC03DA009B392A /* TrackingData.swift in Sources */ = {isa = PBXBuildFile; fileRef = 367046D11EDC03DA009B392A /* TrackingData.swift */; };
		367047161EDC03DA009B392A /* TrafficMode.swift in Sources */ = {isa = PBXBuildFile; fileRef = 367046D21EDC03DA009B392A /* TrafficMode.swift */; };
		367047171EDC03DA009B392A /* TravelStatisticPerTrafficMode.swift in Sources */ = {isa = PBXBuildFile; fileRef = 367046D31EDC03DA009B392A /* TravelStatisticPerTrafficMode.swift */; };
		367047181EDC03DA009B392A /* TripPurpose.swift in Sources */ = {isa = PBXBuildFile; fileRef = 367046D41EDC03DA009B392A /* TripPurpose.swift */; };
		367047191EDC03DA009B392A /* UpdatePasswordRequest.swift in Sources */ = {isa = PBXBuildFile; fileRef = 367046D51EDC03DA009B392A /* UpdatePasswordRequest.swift */; };
		3670471A1EDC03DA009B392A /* UpdatePersonalDataRequest.swift in Sources */ = {isa = PBXBuildFile; fileRef = 367046D61EDC03DA009B392A /* UpdatePersonalDataRequest.swift */; };
		3670471B1EDC03DA009B392A /* UpdatePoiRequest.swift in Sources */ = {isa = PBXBuildFile; fileRef = 367046D71EDC03DA009B392A /* UpdatePoiRequest.swift */; };
		3670471C1EDC03DA009B392A /* UpdateTrackRequest.swift in Sources */ = {isa = PBXBuildFile; fileRef = 367046D81EDC03DA009B392A /* UpdateTrackRequest.swift */; };
		3670471D1EDC03DA009B392A /* AcceleratorData.swift in Sources */ = {isa = PBXBuildFile; fileRef = 367046D91EDC03DA009B392A /* AcceleratorData.swift */; };
		3670471E1EDC03DA009B392A /* AddPoiRequest.swift in Sources */ = {isa = PBXBuildFile; fileRef = 367046DA1EDC03DA009B392A /* AddPoiRequest.swift */; };
		3670471F1EDC03DA009B392A /* AddTrackRequest.swift in Sources */ = {isa = PBXBuildFile; fileRef = 367046DB1EDC03DA009B392A /* AddTrackRequest.swift */; };
		367047201EDC03DA009B392A /* AddTrackResponse.swift in Sources */ = {isa = PBXBuildFile; fileRef = 367046DC1EDC03DA009B392A /* AddTrackResponse.swift */; };
		367047211EDC03DA009B392A /* AgeGroup.swift in Sources */ = {isa = PBXBuildFile; fileRef = 367046DD1EDC03DA009B392A /* AgeGroup.swift */; };
		367047221EDC03DA009B392A /* AgeGroupPerHousehold.swift in Sources */ = {isa = PBXBuildFile; fileRef = 367046DE1EDC03DA009B392A /* AgeGroupPerHousehold.swift */; };
		367047231EDC03DA009B392A /* Company.swift in Sources */ = {isa = PBXBuildFile; fileRef = 367046DF1EDC03DA009B392A /* Company.swift */; };
		367047241EDC03DA009B392A /* CompanyVerificationRequest.swift in Sources */ = {isa = PBXBuildFile; fileRef = 367046E01EDC03DA009B392A /* CompanyVerificationRequest.swift */; };
		367047251EDC03DA009B392A /* CompanyVerificationResponse.swift in Sources */ = {isa = PBXBuildFile; fileRef = 367046E11EDC03DA009B392A /* CompanyVerificationResponse.swift */; };
		367047261EDC03DA009B392A /* DeletePoiRequest.swift in Sources */ = {isa = PBXBuildFile; fileRef = 367046E21EDC03DA009B392A /* DeletePoiRequest.swift */; };
		367047271EDC03DA009B392A /* DeleteTracksRequest.swift in Sources */ = {isa = PBXBuildFile; fileRef = 367046E31EDC03DA009B392A /* DeleteTracksRequest.swift */; };
		367047281EDC03DA009B392A /* GetCompaniesResponse.swift in Sources */ = {isa = PBXBuildFile; fileRef = 367046E41EDC03DA009B392A /* GetCompaniesResponse.swift */; };
		367047291EDC03DA009B392A /* GetObjectsResponse.swift in Sources */ = {isa = PBXBuildFile; fileRef = 367046E51EDC03DA009B392A /* GetObjectsResponse.swift */; };
		3670472A1EDC03DA009B392A /* GetPersonalDataResponse.swift in Sources */ = {isa = PBXBuildFile; fileRef = 367046E61EDC03DA009B392A /* GetPersonalDataResponse.swift */; };
		3670472B1EDC03DA009B392A /* GetPersonsRequest.swift in Sources */ = {isa = PBXBuildFile; fileRef = 367046E71EDC03DA009B392A /* GetPersonsRequest.swift */; };
		3670472C1EDC03DA009B392A /* AbstractTrackRequest.swift in Sources */ = {isa = PBXBuildFile; fileRef = 367046E91EDC03DA009B392A /* AbstractTrackRequest.swift */; };
		3670472D1EDC03DA009B392A /* SetTrackingActionRequest.swift in Sources */ = {isa = PBXBuildFile; fileRef = 367046EA1EDC03DA009B392A /* SetTrackingActionRequest.swift */; };
		3670472E1EDC03DA009B392A /* TrackingAction.swift in Sources */ = {isa = PBXBuildFile; fileRef = 367046EB1EDC03DA009B392A /* TrackingAction.swift */; };
		3670472F1EDC03DA009B392A /* Obj.swift in Sources */ = {isa = PBXBuildFile; fileRef = 367046EC1EDC03DA009B392A /* Obj.swift */; };
		367047301EDC03DA009B392A /* TravelStatistic.swift in Sources */ = {isa = PBXBuildFile; fileRef = 367046ED1EDC03DA009B392A /* TravelStatistic.swift */; };
		367047311EDC03DA009B392A /* PersonalStatisticPerTrafficMode.swift in Sources */ = {isa = PBXBuildFile; fileRef = 367046EE1EDC03DA009B392A /* PersonalStatisticPerTrafficMode.swift */; };
		367047321EDC03DA009B392A /* AbstractPoiRequest.swift in Sources */ = {isa = PBXBuildFile; fileRef = 367046EF1EDC03DA009B392A /* AbstractPoiRequest.swift */; };
		367047331EDC03DA009B392A /* DefaultRequest.swift in Sources */ = {isa = PBXBuildFile; fileRef = 367046F01EDC03DA009B392A /* DefaultRequest.swift */; };
		367047341EDC03DA009B392A /* DefaultResponse.swift in Sources */ = {isa = PBXBuildFile; fileRef = 367046F11EDC03DA009B392A /* DefaultResponse.swift */; };
		367047351EDC03DA009B392A /* DTO_Globals.swift in Sources */ = {isa = PBXBuildFile; fileRef = 367046F21EDC03DA009B392A /* DTO_Globals.swift */; };
		367047361EDC03DA009B392A /* GeographicPosition.swift in Sources */ = {isa = PBXBuildFile; fileRef = 367046F31EDC03DA009B392A /* GeographicPosition.swift */; };
		367047371EDC03DA009B392A /* Information.swift in Sources */ = {isa = PBXBuildFile; fileRef = 367046F41EDC03DA009B392A /* Information.swift */; };
		367047381EDC03DA009B392A /* Person.swift in Sources */ = {isa = PBXBuildFile; fileRef = 367046F51EDC03DA009B392A /* Person.swift */; };
		367047391EDC03DA009B392A /* QuantifiableError.swift in Sources */ = {isa = PBXBuildFile; fileRef = 367046F61EDC03DA009B392A /* QuantifiableError.swift */; };
		3670473A1EDC03DA009B392A /* QuantifiableWarning.swift in Sources */ = {isa = PBXBuildFile; fileRef = 367046F71EDC03DA009B392A /* QuantifiableWarning.swift */; };
		3670473B1EDC03DA009B392A /* RoleConstant.swift in Sources */ = {isa = PBXBuildFile; fileRef = 367046F81EDC03DA009B392A /* RoleConstant.swift */; };
		3670473C1EDC03DA009B392A /* SessionRequest.swift in Sources */ = {isa = PBXBuildFile; fileRef = 367046F91EDC03DA009B392A /* SessionRequest.swift */; };
		3670473D1EDC03DA009B392A /* SessionResponse.swift in Sources */ = {isa = PBXBuildFile; fileRef = 367046FA1EDC03DA009B392A /* SessionResponse.swift */; };
		3670473E1EDC03DA009B392A /* TrafficModeConstant.swift in Sources */ = {isa = PBXBuildFile; fileRef = 367046FB1EDC03DA009B392A /* TrafficModeConstant.swift */; };
		3670473F1EDC03DA009B392A /* Warning.swift in Sources */ = {isa = PBXBuildFile; fileRef = 367046FC1EDC03DA009B392A /* Warning.swift */; };
		367047401EDC03DA009B392A /* DTOError.swift in Sources */ = {isa = PBXBuildFile; fileRef = 367046FD1EDC03DA009B392A /* DTOError.swift */; };
		369F5BF61EA287FA005A229A /* myDTO.xcdatamodel in CopyFiles */ = {isa = PBXBuildFile; fileRef = 369F5BF51EA287EC005A229A /* myDTO.xcdatamodel */; };
		FA8207851DE2D7DF00333F8D /* main.swift in Sources */ = {isa = PBXBuildFile; fileRef = FA8207841DE2D7DF00333F8D /* main.swift */; };
		FAA9D4891EE943C300C75ADE /* HelperFunctions.swift in Sources */ = {isa = PBXBuildFile; fileRef = FAA9D47E1EE9435900C75ADE /* HelperFunctions.swift */; };
		FAA9D48A1EE943C600C75ADE /* CLIArgsParser.swift in Sources */ = {isa = PBXBuildFile; fileRef = FAA9D47D1EE9435900C75ADE /* CLIArgsParser.swift */; };
		FAA9D48B1EE943CB00C75ADE /* String+COAdditions.swift in Sources */ = {isa = PBXBuildFile; fileRef = FAA9D4801EE9436900C75ADE /* String+COAdditions.swift */; };
		FAA9D48D1EE943FE00C75ADE /* XML2SwiftFiles.swift in Sources */ = {isa = PBXBuildFile; fileRef = FAA9D47B1EE9435000C75ADE /* XML2SwiftFiles.swift */; };
		FAA9D48E1EE9440300C75ADE /* CliArguments.swift in Sources */ = {isa = PBXBuildFile; fileRef = FAA9D4821EE9436900C75ADE /* CliArguments.swift */; };
		FAA9D48F1EE9440300C75ADE /* ProtocolDeclaration.swift in Sources */ = {isa = PBXBuildFile; fileRef = FAA9D4831EE9436900C75ADE /* ProtocolDeclaration.swift */; };
		FAA9D4901EE9440300C75ADE /* RESTProperty.swift in Sources */ = {isa = PBXBuildFile; fileRef = FAA9D4841EE9436900C75ADE /* RESTProperty.swift */; };
		FAA9D4911EE9440600C75ADE /* XMLModelParser.swift in Sources */ = {isa = PBXBuildFile; fileRef = FAA9D4861EE9436900C75ADE /* XMLModelParser.swift */; };
		FAA9D4931EE9489C00C75ADE /* OptionalExtension.swift in Sources */ = {isa = PBXBuildFile; fileRef = FAA9D4921EE9489C00C75ADE /* OptionalExtension.swift */; };
		FAE61ADA1EE94AC000C1E9E1 /* XML2JavaFiles.swift in Sources */ = {isa = PBXBuildFile; fileRef = FAE61AD91EE94AC000C1E9E1 /* XML2JavaFiles.swift */; };
/* End PBXBuildFile section */

/* Begin PBXCopyFilesBuildPhase section */
		FA82077F1DE2D7DF00333F8D /* CopyFiles */ = {
			isa = PBXCopyFilesBuildPhase;
			buildActionMask = 12;
			dstPath = "";
			dstSubfolderSpec = 7;
			files = (
				369F5BF61EA287FA005A229A /* myDTO.xcdatamodel in CopyFiles */,
			);
			runOnlyForDeploymentPostprocessing = 0;
		};
/* End PBXCopyFilesBuildPhase section */

/* Begin PBXFileReference section */
		363EC5A31EBF8AC200B7C0B0 /* .swiftlint.yml */ = {isa = PBXFileReference; fileEncoding = 4; lastKnownFileType = text; path = .swiftlint.yml; sourceTree = "<group>"; };
		363EC5A41EBF8ACF00B7C0B0 /* .gitignore */ = {isa = PBXFileReference; fileEncoding = 4; lastKnownFileType = text; path = .gitignore; sourceTree = "<group>"; };
		367046411EDB071F009B392A /* xsd1_schema_info.xml */ = {isa = PBXFileReference; fileEncoding = 4; lastKnownFileType = text.xml; path = xsd1_schema_info.xml; sourceTree = "<group>"; };
		367046B81EDC03CF009B392A /* LentObj.swift */ = {isa = PBXFileReference; fileEncoding = 4; lastKnownFileType = sourcecode.swift; path = LentObj.swift; sourceTree = "<group>"; };
		367046BA1EDC03DA009B392A /* GetPersonsResponse.swift */ = {isa = PBXFileReference; fileEncoding = 4; lastKnownFileType = sourcecode.swift; path = GetPersonsResponse.swift; sourceTree = "<group>"; };
		367046BB1EDC03DA009B392A /* GetPoisResponse.swift */ = {isa = PBXFileReference; fileEncoding = 4; lastKnownFileType = sourcecode.swift; path = GetPoisResponse.swift; sourceTree = "<group>"; };
		367046BC1EDC03DA009B392A /* GetStatisticResponse.swift */ = {isa = PBXFileReference; fileEncoding = 4; lastKnownFileType = sourcecode.swift; path = GetStatisticResponse.swift; sourceTree = "<group>"; };
		367046BD1EDC03DA009B392A /* GetTracksRequest.swift */ = {isa = PBXFileReference; fileEncoding = 4; lastKnownFileType = sourcecode.swift; path = GetTracksRequest.swift; sourceTree = "<group>"; };
		367046BE1EDC03DA009B392A /* GetTracksResponse.swift */ = {isa = PBXFileReference; fileEncoding = 4; lastKnownFileType = sourcecode.swift; path = GetTracksResponse.swift; sourceTree = "<group>"; };
		367046BF1EDC03DA009B392A /* Graduation.swift */ = {isa = PBXFileReference; fileEncoding = 4; lastKnownFileType = sourcecode.swift; path = Graduation.swift; sourceTree = "<group>"; };
		367046C01EDC03DA009B392A /* LoginRequest.swift */ = {isa = PBXFileReference; fileEncoding = 4; lastKnownFileType = sourcecode.swift; path = LoginRequest.swift; sourceTree = "<group>"; };
		367046C11EDC03DA009B392A /* LoginResponse.swift */ = {isa = PBXFileReference; fileEncoding = 4; lastKnownFileType = sourcecode.swift; path = LoginResponse.swift; sourceTree = "<group>"; };
		367046C21EDC03DA009B392A /* MetaDataRecord.swift */ = {isa = PBXFileReference; fileEncoding = 4; lastKnownFileType = sourcecode.swift; path = MetaDataRecord.swift; sourceTree = "<group>"; };
		367046C31EDC03DA009B392A /* ObjType.swift */ = {isa = PBXFileReference; fileEncoding = 4; lastKnownFileType = sourcecode.swift; path = ObjType.swift; sourceTree = "<group>"; };
		367046C41EDC03DA009B392A /* Occupation.swift */ = {isa = PBXFileReference; fileEncoding = 4; lastKnownFileType = sourcecode.swift; path = Occupation.swift; sourceTree = "<group>"; };
		367046C51EDC03DA009B392A /* OverallStatistic.swift */ = {isa = PBXFileReference; fileEncoding = 4; lastKnownFileType = sourcecode.swift; path = OverallStatistic.swift; sourceTree = "<group>"; };
		367046C61EDC03DA009B392A /* PersonalData.swift */ = {isa = PBXFileReference; fileEncoding = 4; lastKnownFileType = sourcecode.swift; path = PersonalData.swift; sourceTree = "<group>"; };
		367046C71EDC03DA009B392A /* Poi.swift */ = {isa = PBXFileReference; fileEncoding = 4; lastKnownFileType = sourcecode.swift; path = Poi.swift; sourceTree = "<group>"; };
		367046C81EDC03DA009B392A /* Profile.swift */ = {isa = PBXFileReference; fileEncoding = 4; lastKnownFileType = sourcecode.swift; path = Profile.swift; sourceTree = "<group>"; };
		367046C91EDC03DA009B392A /* RegistrationKeyDispatchRequest.swift */ = {isa = PBXFileReference; fileEncoding = 4; lastKnownFileType = sourcecode.swift; path = RegistrationKeyDispatchRequest.swift; sourceTree = "<group>"; };
		367046CA1EDC03DA009B392A /* RegistrationRequest.swift */ = {isa = PBXFileReference; fileEncoding = 4; lastKnownFileType = sourcecode.swift; path = RegistrationRequest.swift; sourceTree = "<group>"; };
		367046CB1EDC03DA009B392A /* ResetPasswordRequest.swift */ = {isa = PBXFileReference; fileEncoding = 4; lastKnownFileType = sourcecode.swift; path = ResetPasswordRequest.swift; sourceTree = "<group>"; };
		367046CC1EDC03DA009B392A /* Role.swift */ = {isa = PBXFileReference; fileEncoding = 4; lastKnownFileType = sourcecode.swift; path = Role.swift; sourceTree = "<group>"; };
		367046CD1EDC03DA009B392A /* SalaryLevel.swift */ = {isa = PBXFileReference; fileEncoding = 4; lastKnownFileType = sourcecode.swift; path = SalaryLevel.swift; sourceTree = "<group>"; };
		367046CE1EDC03DA009B392A /* Segment.swift */ = {isa = PBXFileReference; fileEncoding = 4; lastKnownFileType = sourcecode.swift; path = Segment.swift; sourceTree = "<group>"; };
		367046CF1EDC03DA009B392A /* SetSensorDataRequest.swift */ = {isa = PBXFileReference; fileEncoding = 4; lastKnownFileType = sourcecode.swift; path = SetSensorDataRequest.swift; sourceTree = "<group>"; };
		367046D01EDC03DA009B392A /* Track.swift */ = {isa = PBXFileReference; fileEncoding = 4; lastKnownFileType = sourcecode.swift; path = Track.swift; sourceTree = "<group>"; };
		367046D11EDC03DA009B392A /* TrackingData.swift */ = {isa = PBXFileReference; fileEncoding = 4; lastKnownFileType = sourcecode.swift; path = TrackingData.swift; sourceTree = "<group>"; };
		367046D21EDC03DA009B392A /* TrafficMode.swift */ = {isa = PBXFileReference; fileEncoding = 4; lastKnownFileType = sourcecode.swift; path = TrafficMode.swift; sourceTree = "<group>"; };
		367046D31EDC03DA009B392A /* TravelStatisticPerTrafficMode.swift */ = {isa = PBXFileReference; fileEncoding = 4; lastKnownFileType = sourcecode.swift; path = TravelStatisticPerTrafficMode.swift; sourceTree = "<group>"; };
		367046D41EDC03DA009B392A /* TripPurpose.swift */ = {isa = PBXFileReference; fileEncoding = 4; lastKnownFileType = sourcecode.swift; path = TripPurpose.swift; sourceTree = "<group>"; };
		367046D51EDC03DA009B392A /* UpdatePasswordRequest.swift */ = {isa = PBXFileReference; fileEncoding = 4; lastKnownFileType = sourcecode.swift; path = UpdatePasswordRequest.swift; sourceTree = "<group>"; };
		367046D61EDC03DA009B392A /* UpdatePersonalDataRequest.swift */ = {isa = PBXFileReference; fileEncoding = 4; lastKnownFileType = sourcecode.swift; path = UpdatePersonalDataRequest.swift; sourceTree = "<group>"; };
		367046D71EDC03DA009B392A /* UpdatePoiRequest.swift */ = {isa = PBXFileReference; fileEncoding = 4; lastKnownFileType = sourcecode.swift; path = UpdatePoiRequest.swift; sourceTree = "<group>"; };
		367046D81EDC03DA009B392A /* UpdateTrackRequest.swift */ = {isa = PBXFileReference; fileEncoding = 4; lastKnownFileType = sourcecode.swift; path = UpdateTrackRequest.swift; sourceTree = "<group>"; };
		367046D91EDC03DA009B392A /* AcceleratorData.swift */ = {isa = PBXFileReference; fileEncoding = 4; lastKnownFileType = sourcecode.swift; path = AcceleratorData.swift; sourceTree = "<group>"; };
		367046DA1EDC03DA009B392A /* AddPoiRequest.swift */ = {isa = PBXFileReference; fileEncoding = 4; lastKnownFileType = sourcecode.swift; path = AddPoiRequest.swift; sourceTree = "<group>"; };
		367046DB1EDC03DA009B392A /* AddTrackRequest.swift */ = {isa = PBXFileReference; fileEncoding = 4; lastKnownFileType = sourcecode.swift; path = AddTrackRequest.swift; sourceTree = "<group>"; };
		367046DC1EDC03DA009B392A /* AddTrackResponse.swift */ = {isa = PBXFileReference; fileEncoding = 4; lastKnownFileType = sourcecode.swift; path = AddTrackResponse.swift; sourceTree = "<group>"; };
		367046DD1EDC03DA009B392A /* AgeGroup.swift */ = {isa = PBXFileReference; fileEncoding = 4; lastKnownFileType = sourcecode.swift; path = AgeGroup.swift; sourceTree = "<group>"; };
		367046DE1EDC03DA009B392A /* AgeGroupPerHousehold.swift */ = {isa = PBXFileReference; fileEncoding = 4; lastKnownFileType = sourcecode.swift; path = AgeGroupPerHousehold.swift; sourceTree = "<group>"; };
		367046DF1EDC03DA009B392A /* Company.swift */ = {isa = PBXFileReference; fileEncoding = 4; lastKnownFileType = sourcecode.swift; path = Company.swift; sourceTree = "<group>"; };
		367046E01EDC03DA009B392A /* CompanyVerificationRequest.swift */ = {isa = PBXFileReference; fileEncoding = 4; lastKnownFileType = sourcecode.swift; path = CompanyVerificationRequest.swift; sourceTree = "<group>"; };
		367046E11EDC03DA009B392A /* CompanyVerificationResponse.swift */ = {isa = PBXFileReference; fileEncoding = 4; lastKnownFileType = sourcecode.swift; path = CompanyVerificationResponse.swift; sourceTree = "<group>"; };
		367046E21EDC03DA009B392A /* DeletePoiRequest.swift */ = {isa = PBXFileReference; fileEncoding = 4; lastKnownFileType = sourcecode.swift; path = DeletePoiRequest.swift; sourceTree = "<group>"; };
		367046E31EDC03DA009B392A /* DeleteTracksRequest.swift */ = {isa = PBXFileReference; fileEncoding = 4; lastKnownFileType = sourcecode.swift; path = DeleteTracksRequest.swift; sourceTree = "<group>"; };
		367046E41EDC03DA009B392A /* GetCompaniesResponse.swift */ = {isa = PBXFileReference; fileEncoding = 4; lastKnownFileType = sourcecode.swift; path = GetCompaniesResponse.swift; sourceTree = "<group>"; };
		367046E51EDC03DA009B392A /* GetObjectsResponse.swift */ = {isa = PBXFileReference; fileEncoding = 4; lastKnownFileType = sourcecode.swift; path = GetObjectsResponse.swift; sourceTree = "<group>"; };
		367046E61EDC03DA009B392A /* GetPersonalDataResponse.swift */ = {isa = PBXFileReference; fileEncoding = 4; lastKnownFileType = sourcecode.swift; path = GetPersonalDataResponse.swift; sourceTree = "<group>"; };
		367046E71EDC03DA009B392A /* GetPersonsRequest.swift */ = {isa = PBXFileReference; fileEncoding = 4; lastKnownFileType = sourcecode.swift; path = GetPersonsRequest.swift; sourceTree = "<group>"; };
		367046E81EDC03DA009B392A /* DTOParentInfo.json */ = {isa = PBXFileReference; fileEncoding = 4; lastKnownFileType = text.json; path = DTOParentInfo.json; sourceTree = "<group>"; };
		367046E91EDC03DA009B392A /* AbstractTrackRequest.swift */ = {isa = PBXFileReference; fileEncoding = 4; lastKnownFileType = sourcecode.swift; path = AbstractTrackRequest.swift; sourceTree = "<group>"; };
		367046EA1EDC03DA009B392A /* SetTrackingActionRequest.swift */ = {isa = PBXFileReference; fileEncoding = 4; lastKnownFileType = sourcecode.swift; path = SetTrackingActionRequest.swift; sourceTree = "<group>"; };
		367046EB1EDC03DA009B392A /* TrackingAction.swift */ = {isa = PBXFileReference; fileEncoding = 4; lastKnownFileType = sourcecode.swift; path = TrackingAction.swift; sourceTree = "<group>"; };
		367046EC1EDC03DA009B392A /* Obj.swift */ = {isa = PBXFileReference; fileEncoding = 4; lastKnownFileType = sourcecode.swift; path = Obj.swift; sourceTree = "<group>"; };
		367046ED1EDC03DA009B392A /* TravelStatistic.swift */ = {isa = PBXFileReference; fileEncoding = 4; lastKnownFileType = sourcecode.swift; path = TravelStatistic.swift; sourceTree = "<group>"; };
		367046EE1EDC03DA009B392A /* PersonalStatisticPerTrafficMode.swift */ = {isa = PBXFileReference; fileEncoding = 4; lastKnownFileType = sourcecode.swift; path = PersonalStatisticPerTrafficMode.swift; sourceTree = "<group>"; };
		367046EF1EDC03DA009B392A /* AbstractPoiRequest.swift */ = {isa = PBXFileReference; fileEncoding = 4; lastKnownFileType = sourcecode.swift; path = AbstractPoiRequest.swift; sourceTree = "<group>"; };
		367046F01EDC03DA009B392A /* DefaultRequest.swift */ = {isa = PBXFileReference; fileEncoding = 4; lastKnownFileType = sourcecode.swift; path = DefaultRequest.swift; sourceTree = "<group>"; };
		367046F11EDC03DA009B392A /* DefaultResponse.swift */ = {isa = PBXFileReference; fileEncoding = 4; lastKnownFileType = sourcecode.swift; path = DefaultResponse.swift; sourceTree = "<group>"; };
		367046F21EDC03DA009B392A /* DTO_Globals.swift */ = {isa = PBXFileReference; fileEncoding = 4; lastKnownFileType = sourcecode.swift; path = DTO_Globals.swift; sourceTree = "<group>"; };
		367046F31EDC03DA009B392A /* GeographicPosition.swift */ = {isa = PBXFileReference; fileEncoding = 4; lastKnownFileType = sourcecode.swift; path = GeographicPosition.swift; sourceTree = "<group>"; };
		367046F41EDC03DA009B392A /* Information.swift */ = {isa = PBXFileReference; fileEncoding = 4; lastKnownFileType = sourcecode.swift; path = Information.swift; sourceTree = "<group>"; };
		367046F51EDC03DA009B392A /* Person.swift */ = {isa = PBXFileReference; fileEncoding = 4; lastKnownFileType = sourcecode.swift; path = Person.swift; sourceTree = "<group>"; };
		367046F61EDC03DA009B392A /* QuantifiableError.swift */ = {isa = PBXFileReference; fileEncoding = 4; lastKnownFileType = sourcecode.swift; path = QuantifiableError.swift; sourceTree = "<group>"; };
		367046F71EDC03DA009B392A /* QuantifiableWarning.swift */ = {isa = PBXFileReference; fileEncoding = 4; lastKnownFileType = sourcecode.swift; path = QuantifiableWarning.swift; sourceTree = "<group>"; };
		367046F81EDC03DA009B392A /* RoleConstant.swift */ = {isa = PBXFileReference; fileEncoding = 4; lastKnownFileType = sourcecode.swift; path = RoleConstant.swift; sourceTree = "<group>"; };
		367046F91EDC03DA009B392A /* SessionRequest.swift */ = {isa = PBXFileReference; fileEncoding = 4; lastKnownFileType = sourcecode.swift; path = SessionRequest.swift; sourceTree = "<group>"; };
		367046FA1EDC03DA009B392A /* SessionResponse.swift */ = {isa = PBXFileReference; fileEncoding = 4; lastKnownFileType = sourcecode.swift; path = SessionResponse.swift; sourceTree = "<group>"; };
		367046FB1EDC03DA009B392A /* TrafficModeConstant.swift */ = {isa = PBXFileReference; fileEncoding = 4; lastKnownFileType = sourcecode.swift; path = TrafficModeConstant.swift; sourceTree = "<group>"; };
		367046FC1EDC03DA009B392A /* Warning.swift */ = {isa = PBXFileReference; fileEncoding = 4; lastKnownFileType = sourcecode.swift; path = Warning.swift; sourceTree = "<group>"; };
		367046FD1EDC03DA009B392A /* DTOError.swift */ = {isa = PBXFileReference; fileEncoding = 4; lastKnownFileType = sourcecode.swift; path = DTOError.swift; sourceTree = "<group>"; };
		369F5BF51EA287EC005A229A /* myDTO.xcdatamodel */ = {isa = PBXFileReference; lastKnownFileType = wrapper.xcdatamodel; path = myDTO.xcdatamodel; sourceTree = "<group>"; };
		FA8207811DE2D7DF00333F8D /* SwiftDTO */ = {isa = PBXFileReference; explicitFileType = "compiled.mach-o.executable"; includeInIndex = 0; path = SwiftDTO; sourceTree = BUILT_PRODUCTS_DIR; };
		FA8207841DE2D7DF00333F8D /* main.swift */ = {isa = PBXFileReference; lastKnownFileType = sourcecode.swift; path = main.swift; sourceTree = "<group>"; };
		FA8207941DE2DFC600333F8D /* LICENSE */ = {isa = PBXFileReference; fileEncoding = 4; lastKnownFileType = text; path = LICENSE; sourceTree = "<group>"; };
		FA8207951DE2DFC600333F8D /* README.md */ = {isa = PBXFileReference; fileEncoding = 4; lastKnownFileType = net.daringfireball.markdown; path = README.md; sourceTree = "<group>"; };
		FA82079A1DE30D8B00333F8D /* CDData.xcdatamodel */ = {isa = PBXFileReference; lastKnownFileType = wrapper.xcdatamodel; path = CDData.xcdatamodel; sourceTree = "<group>"; };
		FAA9D47B1EE9435000C75ADE /* XML2SwiftFiles.swift */ = {isa = PBXFileReference; lastKnownFileType = sourcecode.swift; path = XML2SwiftFiles.swift; sourceTree = "<group>"; };
		FAA9D47D1EE9435900C75ADE /* CLIArgsParser.swift */ = {isa = PBXFileReference; lastKnownFileType = sourcecode.swift; path = CLIArgsParser.swift; sourceTree = "<group>"; };
		FAA9D47E1EE9435900C75ADE /* HelperFunctions.swift */ = {isa = PBXFileReference; lastKnownFileType = sourcecode.swift; path = HelperFunctions.swift; sourceTree = "<group>"; };
		FAA9D4801EE9436900C75ADE /* String+COAdditions.swift */ = {isa = PBXFileReference; lastKnownFileType = sourcecode.swift; path = "String+COAdditions.swift"; sourceTree = "<group>"; };
		FAA9D4821EE9436900C75ADE /* CliArguments.swift */ = {isa = PBXFileReference; lastKnownFileType = sourcecode.swift; path = CliArguments.swift; sourceTree = "<group>"; };
		FAA9D4831EE9436900C75ADE /* ProtocolDeclaration.swift */ = {isa = PBXFileReference; lastKnownFileType = sourcecode.swift; path = ProtocolDeclaration.swift; sourceTree = "<group>"; };
		FAA9D4841EE9436900C75ADE /* RESTProperty.swift */ = {isa = PBXFileReference; lastKnownFileType = sourcecode.swift; path = RESTProperty.swift; sourceTree = "<group>"; };
		FAA9D4861EE9436900C75ADE /* XMLModelParser.swift */ = {isa = PBXFileReference; lastKnownFileType = sourcecode.swift; path = XMLModelParser.swift; sourceTree = "<group>"; };
		FAA9D4881EE9436900C75ADE /* DTO_Globals.swift */ = {isa = PBXFileReference; lastKnownFileType = sourcecode.swift; path = DTO_Globals.swift; sourceTree = "<group>"; };
		FAA9D48C1EE943F100C75ADE /* Readme.txt */ = {isa = PBXFileReference; fileEncoding = 4; lastKnownFileType = text; path = Readme.txt; sourceTree = "<group>"; };
		FAA9D4921EE9489C00C75ADE /* OptionalExtension.swift */ = {isa = PBXFileReference; fileEncoding = 4; lastKnownFileType = sourcecode.swift; path = OptionalExtension.swift; sourceTree = "<group>"; };
		FAC92BD11ED597E700D6C015 /* xsd1_schema_tracking.xml */ = {isa = PBXFileReference; lastKnownFileType = text.xml; path = xsd1_schema_tracking.xml; sourceTree = "<group>"; };
		FAC92BD21ED597E700D6C015 /* xsd1_schema_user.xml */ = {isa = PBXFileReference; lastKnownFileType = text.xml; path = xsd1_schema_user.xml; sourceTree = "<group>"; };
		FAE61AD91EE94AC000C1E9E1 /* XML2JavaFiles.swift */ = {isa = PBXFileReference; fileEncoding = 4; lastKnownFileType = sourcecode.swift; path = XML2JavaFiles.swift; sourceTree = "<group>"; };
/* End PBXFileReference section */

/* Begin PBXFrameworksBuildPhase section */
		FA82077E1DE2D7DF00333F8D /* Frameworks */ = {
			isa = PBXFrameworksBuildPhase;
			buildActionMask = 2147483647;
			files = (
			);
			runOnlyForDeploymentPostprocessing = 0;
		};
/* End PBXFrameworksBuildPhase section */

/* Begin PBXGroup section */
		FA8207781DE2D7DF00333F8D = {
			isa = PBXGroup;
			children = (
				363EC5A41EBF8ACF00B7C0B0 /* .gitignore */,
				363EC5A31EBF8AC200B7C0B0 /* .swiftlint.yml */,
				FA8207941DE2DFC600333F8D /* LICENSE */,
				FA8207951DE2DFC600333F8D /* README.md */,
				FA8207831DE2D7DF00333F8D /* SwiftDTO */,
				FA8207821DE2D7DF00333F8D /* Products */,
			);
			sourceTree = "<group>";
		};
		FA8207821DE2D7DF00333F8D /* Products */ = {
			isa = PBXGroup;
			children = (
				FA8207811DE2D7DF00333F8D /* SwiftDTO */,
			);
			name = Products;
			sourceTree = "<group>";
		};
		FA8207831DE2D7DF00333F8D /* SwiftDTO */ = {
			isa = PBXGroup;
			children = (
				FA8207841DE2D7DF00333F8D /* main.swift */,
				FAA9D4851EE9436900C75ADE /* Parser */,
				FAA9D4811EE9436900C75ADE /* Models */,
				FAA9D47A1EE9435000C75ADE /* Exporter */,
				FAA9D47C1EE9435900C75ADE /* Helper */,
				FAA9D47F1EE9436900C75ADE /* Extensions */,
				FAA9D4871EE9436900C75ADE /* Payload */,
				369F5BF51EA287EC005A229A /* myDTO.xcdatamodel */,
				FA8207971DE2FE7500333F8D /* example */,
			);
			path = SwiftDTO;
			sourceTree = "<group>";
		};
		FA8207971DE2FE7500333F8D /* example */ = {
			isa = PBXGroup;
			children = (
				FA82079C1DE30E2400333F8D /* GeneratedFiles */,
				FA82079A1DE30D8B00333F8D /* CDData.xcdatamodel */,
				FAC92BD01ED597E700D6C015 /* wsdl */,
			);
			path = example;
			sourceTree = "<group>";
		};
		FA82079C1DE30E2400333F8D /* GeneratedFiles */ = {
			isa = PBXGroup;
			children = (
				367046BA1EDC03DA009B392A /* GetPersonsResponse.swift */,
				367046BB1EDC03DA009B392A /* GetPoisResponse.swift */,
				367046BC1EDC03DA009B392A /* GetStatisticResponse.swift */,
				367046BD1EDC03DA009B392A /* GetTracksRequest.swift */,
				367046BE1EDC03DA009B392A /* GetTracksResponse.swift */,
				367046BF1EDC03DA009B392A /* Graduation.swift */,
				367046C01EDC03DA009B392A /* LoginRequest.swift */,
				367046C11EDC03DA009B392A /* LoginResponse.swift */,
				367046C21EDC03DA009B392A /* MetaDataRecord.swift */,
				367046C31EDC03DA009B392A /* ObjType.swift */,
				367046C41EDC03DA009B392A /* Occupation.swift */,
				367046C51EDC03DA009B392A /* OverallStatistic.swift */,
				367046C61EDC03DA009B392A /* PersonalData.swift */,
				367046C71EDC03DA009B392A /* Poi.swift */,
				367046C81EDC03DA009B392A /* Profile.swift */,
				367046C91EDC03DA009B392A /* RegistrationKeyDispatchRequest.swift */,
				367046CA1EDC03DA009B392A /* RegistrationRequest.swift */,
				367046CB1EDC03DA009B392A /* ResetPasswordRequest.swift */,
				367046CC1EDC03DA009B392A /* Role.swift */,
				367046CD1EDC03DA009B392A /* SalaryLevel.swift */,
				367046CE1EDC03DA009B392A /* Segment.swift */,
				367046CF1EDC03DA009B392A /* SetSensorDataRequest.swift */,
				367046D01EDC03DA009B392A /* Track.swift */,
				367046D11EDC03DA009B392A /* TrackingData.swift */,
				367046D21EDC03DA009B392A /* TrafficMode.swift */,
				367046D31EDC03DA009B392A /* TravelStatisticPerTrafficMode.swift */,
				367046D41EDC03DA009B392A /* TripPurpose.swift */,
				367046D51EDC03DA009B392A /* UpdatePasswordRequest.swift */,
				367046D61EDC03DA009B392A /* UpdatePersonalDataRequest.swift */,
				367046D71EDC03DA009B392A /* UpdatePoiRequest.swift */,
				367046D81EDC03DA009B392A /* UpdateTrackRequest.swift */,
				367046D91EDC03DA009B392A /* AcceleratorData.swift */,
				367046DA1EDC03DA009B392A /* AddPoiRequest.swift */,
				367046DB1EDC03DA009B392A /* AddTrackRequest.swift */,
				367046DC1EDC03DA009B392A /* AddTrackResponse.swift */,
				367046DD1EDC03DA009B392A /* AgeGroup.swift */,
				367046DE1EDC03DA009B392A /* AgeGroupPerHousehold.swift */,
				367046DF1EDC03DA009B392A /* Company.swift */,
				367046E01EDC03DA009B392A /* CompanyVerificationRequest.swift */,
				367046E11EDC03DA009B392A /* CompanyVerificationResponse.swift */,
				367046E21EDC03DA009B392A /* DeletePoiRequest.swift */,
				367046E31EDC03DA009B392A /* DeleteTracksRequest.swift */,
				367046E41EDC03DA009B392A /* GetCompaniesResponse.swift */,
				367046E51EDC03DA009B392A /* GetObjectsResponse.swift */,
				367046E61EDC03DA009B392A /* GetPersonalDataResponse.swift */,
				367046E71EDC03DA009B392A /* GetPersonsRequest.swift */,
				367046E81EDC03DA009B392A /* DTOParentInfo.json */,
				367046E91EDC03DA009B392A /* AbstractTrackRequest.swift */,
				367046EA1EDC03DA009B392A /* SetTrackingActionRequest.swift */,
				367046EB1EDC03DA009B392A /* TrackingAction.swift */,
				367046EC1EDC03DA009B392A /* Obj.swift */,
				367046ED1EDC03DA009B392A /* TravelStatistic.swift */,
				367046EE1EDC03DA009B392A /* PersonalStatisticPerTrafficMode.swift */,
				367046EF1EDC03DA009B392A /* AbstractPoiRequest.swift */,
				367046F01EDC03DA009B392A /* DefaultRequest.swift */,
				367046F11EDC03DA009B392A /* DefaultResponse.swift */,
				367046F21EDC03DA009B392A /* DTO_Globals.swift */,
				367046F31EDC03DA009B392A /* GeographicPosition.swift */,
				367046F41EDC03DA009B392A /* Information.swift */,
				367046F51EDC03DA009B392A /* Person.swift */,
				367046F61EDC03DA009B392A /* QuantifiableError.swift */,
				367046F71EDC03DA009B392A /* QuantifiableWarning.swift */,
				367046F81EDC03DA009B392A /* RoleConstant.swift */,
				367046F91EDC03DA009B392A /* SessionRequest.swift */,
				367046FA1EDC03DA009B392A /* SessionResponse.swift */,
				367046FB1EDC03DA009B392A /* TrafficModeConstant.swift */,
				367046FC1EDC03DA009B392A /* Warning.swift */,
				367046FD1EDC03DA009B392A /* DTOError.swift */,
				367046B81EDC03CF009B392A /* LentObj.swift */,
			);
			path = GeneratedFiles;
			sourceTree = "<group>";
		};
		FAA9D47A1EE9435000C75ADE /* Exporter */ = {
			isa = PBXGroup;
			children = (
				FAA9D47B1EE9435000C75ADE /* XML2SwiftFiles.swift */,
				FAE61AD91EE94AC000C1E9E1 /* XML2JavaFiles.swift */,
			);
			path = Exporter;
			sourceTree = "<group>";
		};
		FAA9D47C1EE9435900C75ADE /* Helper */ = {
			isa = PBXGroup;
			children = (
				FAA9D47E1EE9435900C75ADE /* HelperFunctions.swift */,
				FAA9D47D1EE9435900C75ADE /* CLIArgsParser.swift */,
			);
			path = Helper;
			sourceTree = "<group>";
		};
		FAA9D47F1EE9436900C75ADE /* Extensions */ = {
			isa = PBXGroup;
			children = (
				FAA9D4801EE9436900C75ADE /* String+COAdditions.swift */,
				FAA9D4921EE9489C00C75ADE /* OptionalExtension.swift */,
			);
			path = Extensions;
			sourceTree = "<group>";
		};
		FAA9D4811EE9436900C75ADE /* Models */ = {
			isa = PBXGroup;
			children = (
				FAA9D4821EE9436900C75ADE /* CliArguments.swift */,
				FAA9D4831EE9436900C75ADE /* ProtocolDeclaration.swift */,
				FAA9D4841EE9436900C75ADE /* RESTProperty.swift */,
			);
			path = Models;
			sourceTree = "<group>";
		};
		FAA9D4851EE9436900C75ADE /* Parser */ = {
			isa = PBXGroup;
			children = (
				FAA9D4861EE9436900C75ADE /* XMLModelParser.swift */,
			);
			path = Parser;
			sourceTree = "<group>";
		};
		FAA9D4871EE9436900C75ADE /* Payload */ = {
			isa = PBXGroup;
			children = (
				FAA9D4881EE9436900C75ADE /* DTO_Globals.swift */,
				FAA9D48C1EE943F100C75ADE /* Readme.txt */,
			);
			path = Payload;
			sourceTree = "<group>";
		};
		FAC92BD01ED597E700D6C015 /* wsdl */ = {
			isa = PBXGroup;
			children = (
				367046411EDB071F009B392A /* xsd1_schema_info.xml */,
				FAC92BD11ED597E700D6C015 /* xsd1_schema_tracking.xml */,
				FAC92BD21ED597E700D6C015 /* xsd1_schema_user.xml */,
			);
			path = wsdl;
			sourceTree = "<group>";
		};
/* End PBXGroup section */

/* Begin PBXNativeTarget section */
		FA8207801DE2D7DF00333F8D /* SwiftDTO */ = {
			isa = PBXNativeTarget;
			buildConfigurationList = FA8207881DE2D7DF00333F8D /* Build configuration list for PBXNativeTarget "SwiftDTO" */;
			buildPhases = (
				FA82077D1DE2D7DF00333F8D /* Sources */,
				FA82077E1DE2D7DF00333F8D /* Frameworks */,
				FA82077F1DE2D7DF00333F8D /* CopyFiles */,
				363EC5A51EBF8B1F00B7C0B0 /* ShellScript */,
			);
			buildRules = (
			);
			dependencies = (
			);
			name = SwiftDTO;
			productName = SwiftDTO;
			productReference = FA8207811DE2D7DF00333F8D /* SwiftDTO */;
			productType = "com.apple.product-type.tool";
		};
/* End PBXNativeTarget section */

/* Begin PBXProject section */
		FA8207791DE2D7DF00333F8D /* Project object */ = {
			isa = PBXProject;
			attributes = {
				LastSwiftUpdateCheck = 0810;
				LastUpgradeCheck = 0830;
				ORGANIZATIONNAME = Farbflash;
				TargetAttributes = {
					FA8207801DE2D7DF00333F8D = {
						CreatedOnToolsVersion = 8.1;
						DevelopmentTeam = GNGL9A39VR;
						ProvisioningStyle = Automatic;
					};
				};
			};
			buildConfigurationList = FA82077C1DE2D7DF00333F8D /* Build configuration list for PBXProject "SwiftDTO" */;
			compatibilityVersion = "Xcode 3.2";
			developmentRegion = English;
			hasScannedForEncodings = 0;
			knownRegions = (
				en,
			);
			mainGroup = FA8207781DE2D7DF00333F8D;
			productRefGroup = FA8207821DE2D7DF00333F8D /* Products */;
			projectDirPath = "";
			projectRoot = "";
			targets = (
				FA8207801DE2D7DF00333F8D /* SwiftDTO */,
			);
		};
/* End PBXProject section */

/* Begin PBXShellScriptBuildPhase section */
		363EC5A51EBF8B1F00B7C0B0 /* ShellScript */ = {
			isa = PBXShellScriptBuildPhase;
			buildActionMask = 2147483647;
			files = (
			);
			inputPaths = (
			);
			outputPaths = (
			);
			runOnlyForDeploymentPostprocessing = 0;
			shellPath = /bin/sh;
			shellScript = "if which swiftlint >/dev/null; then\nswiftlint autocorrect\nswiftlint\nelse\necho \"warning: SwiftLint not installed, download from https://github.com/realm/SwiftLint\"\nfi";
		};
/* End PBXShellScriptBuildPhase section */

/* Begin PBXSourcesBuildPhase section */
		FA82077D1DE2D7DF00333F8D /* Sources */ = {
			isa = PBXSourcesBuildPhase;
			buildActionMask = 2147483647;
			files = (
				367047371EDC03DA009B392A /* Information.swift in Sources */,
				367047241EDC03DA009B392A /* CompanyVerificationRequest.swift in Sources */,
				3670471E1EDC03DA009B392A /* AddPoiRequest.swift in Sources */,
				3670471A1EDC03DA009B392A /* UpdatePersonalDataRequest.swift in Sources */,
				3670471B1EDC03DA009B392A /* UpdatePoiRequest.swift in Sources */,
				367047341EDC03DA009B392A /* DefaultResponse.swift in Sources */,
				3670470F1EDC03DA009B392A /* ResetPasswordRequest.swift in Sources */,
				FAA9D48E1EE9440300C75ADE /* CliArguments.swift in Sources */,
				367047331EDC03DA009B392A /* DefaultRequest.swift in Sources */,
				367047361EDC03DA009B392A /* GeographicPosition.swift in Sources */,
				367047301EDC03DA009B392A /* TravelStatistic.swift in Sources */,
				367047391EDC03DA009B392A /* QuantifiableError.swift in Sources */,
				367047291EDC03DA009B392A /* GetObjectsResponse.swift in Sources */,
				3670470C1EDC03DA009B392A /* Profile.swift in Sources */,
				367047041EDC03DA009B392A /* LoginRequest.swift in Sources */,
				FAA9D48B1EE943CB00C75ADE /* String+COAdditions.swift in Sources */,
				3670471F1EDC03DA009B392A /* AddTrackRequest.swift in Sources */,
				FA8207851DE2D7DF00333F8D /* main.swift in Sources */,
				3670470A1EDC03DA009B392A /* PersonalData.swift in Sources */,
				3670472A1EDC03DA009B392A /* GetPersonalDataResponse.swift in Sources */,
				3670472F1EDC03DA009B392A /* Obj.swift in Sources */,
				3670473B1EDC03DA009B392A /* RoleConstant.swift in Sources */,
				FAA9D4911EE9440600C75ADE /* XMLModelParser.swift in Sources */,
				367047091EDC03DA009B392A /* OverallStatistic.swift in Sources */,
				367047131EDC03DA009B392A /* SetSensorDataRequest.swift in Sources */,
				367047221EDC03DA009B392A /* AgeGroupPerHousehold.swift in Sources */,
				367047081EDC03DA009B392A /* Occupation.swift in Sources */,
				FAA9D4931EE9489C00C75ADE /* OptionalExtension.swift in Sources */,
				367047051EDC03DA009B392A /* LoginResponse.swift in Sources */,
				367047021EDC03DA009B392A /* GetTracksResponse.swift in Sources */,
				367047381EDC03DA009B392A /* Person.swift in Sources */,
				367047061EDC03DA009B392A /* MetaDataRecord.swift in Sources */,
				367047211EDC03DA009B392A /* AgeGroup.swift in Sources */,
				367046FE1EDC03DA009B392A /* GetPersonsResponse.swift in Sources */,
				FAA9D4901EE9440300C75ADE /* RESTProperty.swift in Sources */,
				367047121EDC03DA009B392A /* Segment.swift in Sources */,
				367046FF1EDC03DA009B392A /* GetPoisResponse.swift in Sources */,
				367047111EDC03DA009B392A /* SalaryLevel.swift in Sources */,
				367047031EDC03DA009B392A /* Graduation.swift in Sources */,
				3670470E1EDC03DA009B392A /* RegistrationRequest.swift in Sources */,
				FAA9D4891EE943C300C75ADE /* HelperFunctions.swift in Sources */,
				367047181EDC03DA009B392A /* TripPurpose.swift in Sources */,
				3670473A1EDC03DA009B392A /* QuantifiableWarning.swift in Sources */,
				367047281EDC03DA009B392A /* GetCompaniesResponse.swift in Sources */,
				367047071EDC03DA009B392A /* ObjType.swift in Sources */,
				3670473C1EDC03DA009B392A /* SessionRequest.swift in Sources */,
				367046B91EDC03CF009B392A /* LentObj.swift in Sources */,
				3670470B1EDC03DA009B392A /* Poi.swift in Sources */,
				3670470D1EDC03DA009B392A /* RegistrationKeyDispatchRequest.swift in Sources */,
				367047261EDC03DA009B392A /* DeletePoiRequest.swift in Sources */,
				367047151EDC03DA009B392A /* TrackingData.swift in Sources */,
				FAA9D48F1EE9440300C75ADE /* ProtocolDeclaration.swift in Sources */,
				367047201EDC03DA009B392A /* AddTrackResponse.swift in Sources */,
				3670472C1EDC03DA009B392A /* AbstractTrackRequest.swift in Sources */,
				367047401EDC03DA009B392A /* DTOError.swift in Sources */,
				367047311EDC03DA009B392A /* PersonalStatisticPerTrafficMode.swift in Sources */,
				367047101EDC03DA009B392A /* Role.swift in Sources */,
				367047191EDC03DA009B392A /* UpdatePasswordRequest.swift in Sources */,
				367047161EDC03DA009B392A /* TrafficMode.swift in Sources */,
				367047001EDC03DA009B392A /* GetStatisticResponse.swift in Sources */,
				367047141EDC03DA009B392A /* Track.swift in Sources */,
				3670473E1EDC03DA009B392A /* TrafficModeConstant.swift in Sources */,
				3670472E1EDC03DA009B392A /* TrackingAction.swift in Sources */,
				FAA9D48A1EE943C600C75ADE /* CLIArgsParser.swift in Sources */,
				3670473F1EDC03DA009B392A /* Warning.swift in Sources */,
				3670473D1EDC03DA009B392A /* SessionResponse.swift in Sources */,
				367047011EDC03DA009B392A /* GetTracksRequest.swift in Sources */,
				3670472D1EDC03DA009B392A /* SetTrackingActionRequest.swift in Sources */,
				367047351EDC03DA009B392A /* DTO_Globals.swift in Sources */,
				367047231EDC03DA009B392A /* Company.swift in Sources */,
				367047321EDC03DA009B392A /* AbstractPoiRequest.swift in Sources */,
				3670472B1EDC03DA009B392A /* GetPersonsRequest.swift in Sources */,
				3670471C1EDC03DA009B392A /* UpdateTrackRequest.swift in Sources */,
				367047171EDC03DA009B392A /* TravelStatisticPerTrafficMode.swift in Sources */,
				FAA9D48D1EE943FE00C75ADE /* XML2SwiftFiles.swift in Sources */,
				3670471D1EDC03DA009B392A /* AcceleratorData.swift in Sources */,
				367047271EDC03DA009B392A /* DeleteTracksRequest.swift in Sources */,
				FAE61ADA1EE94AC000C1E9E1 /* XML2JavaFiles.swift in Sources */,
				367047251EDC03DA009B392A /* CompanyVerificationResponse.swift in Sources */,
			);
			runOnlyForDeploymentPostprocessing = 0;
		};
/* End PBXSourcesBuildPhase section */

/* Begin XCBuildConfiguration section */
		FA8207861DE2D7DF00333F8D /* Debug */ = {
			isa = XCBuildConfiguration;
			buildSettings = {
				ALWAYS_SEARCH_USER_PATHS = NO;
				CLANG_ANALYZER_NONNULL = YES;
				CLANG_CXX_LANGUAGE_STANDARD = "gnu++0x";
				CLANG_CXX_LIBRARY = "libc++";
				CLANG_ENABLE_MODULES = YES;
				CLANG_ENABLE_OBJC_ARC = YES;
				CLANG_WARN_BOOL_CONVERSION = YES;
				CLANG_WARN_CONSTANT_CONVERSION = YES;
				CLANG_WARN_DIRECT_OBJC_ISA_USAGE = YES_ERROR;
				CLANG_WARN_DOCUMENTATION_COMMENTS = YES;
				CLANG_WARN_EMPTY_BODY = YES;
				CLANG_WARN_ENUM_CONVERSION = YES;
				CLANG_WARN_INFINITE_RECURSION = YES;
				CLANG_WARN_INT_CONVERSION = YES;
				CLANG_WARN_OBJC_ROOT_CLASS = YES_ERROR;
				CLANG_WARN_SUSPICIOUS_MOVE = YES;
				CLANG_WARN_SUSPICIOUS_MOVES = YES;
				CLANG_WARN_UNREACHABLE_CODE = YES;
				CLANG_WARN__DUPLICATE_METHOD_MATCH = YES;
				CODE_SIGN_IDENTITY = "-";
				COPY_PHASE_STRIP = NO;
				DEBUG_INFORMATION_FORMAT = dwarf;
				ENABLE_STRICT_OBJC_MSGSEND = YES;
				ENABLE_TESTABILITY = YES;
				GCC_C_LANGUAGE_STANDARD = gnu99;
				GCC_DYNAMIC_NO_PIC = NO;
				GCC_NO_COMMON_BLOCKS = YES;
				GCC_OPTIMIZATION_LEVEL = 0;
				GCC_PREPROCESSOR_DEFINITIONS = (
					"DEBUG=1",
					"$(inherited)",
				);
				GCC_WARN_64_TO_32_BIT_CONVERSION = YES;
				GCC_WARN_ABOUT_RETURN_TYPE = YES_ERROR;
				GCC_WARN_UNDECLARED_SELECTOR = YES;
				GCC_WARN_UNINITIALIZED_AUTOS = YES_AGGRESSIVE;
				GCC_WARN_UNUSED_FUNCTION = YES;
				GCC_WARN_UNUSED_VARIABLE = YES;
				MACOSX_DEPLOYMENT_TARGET = 10.11;
				MTL_ENABLE_DEBUG_INFO = YES;
				ONLY_ACTIVE_ARCH = YES;
				SDKROOT = macosx;
				SWIFT_OPTIMIZATION_LEVEL = "-Onone";
			};
			name = Debug;
		};
		FA8207871DE2D7DF00333F8D /* Release */ = {
			isa = XCBuildConfiguration;
			buildSettings = {
				ALWAYS_SEARCH_USER_PATHS = NO;
				CLANG_ANALYZER_NONNULL = YES;
				CLANG_CXX_LANGUAGE_STANDARD = "gnu++0x";
				CLANG_CXX_LIBRARY = "libc++";
				CLANG_ENABLE_MODULES = YES;
				CLANG_ENABLE_OBJC_ARC = YES;
				CLANG_WARN_BOOL_CONVERSION = YES;
				CLANG_WARN_CONSTANT_CONVERSION = YES;
				CLANG_WARN_DIRECT_OBJC_ISA_USAGE = YES_ERROR;
				CLANG_WARN_DOCUMENTATION_COMMENTS = YES;
				CLANG_WARN_EMPTY_BODY = YES;
				CLANG_WARN_ENUM_CONVERSION = YES;
				CLANG_WARN_INFINITE_RECURSION = YES;
				CLANG_WARN_INT_CONVERSION = YES;
				CLANG_WARN_OBJC_ROOT_CLASS = YES_ERROR;
				CLANG_WARN_SUSPICIOUS_MOVE = YES;
				CLANG_WARN_SUSPICIOUS_MOVES = YES;
				CLANG_WARN_UNREACHABLE_CODE = YES;
				CLANG_WARN__DUPLICATE_METHOD_MATCH = YES;
				CODE_SIGN_IDENTITY = "-";
				COPY_PHASE_STRIP = NO;
				DEBUG_INFORMATION_FORMAT = "dwarf-with-dsym";
				ENABLE_NS_ASSERTIONS = NO;
				ENABLE_STRICT_OBJC_MSGSEND = YES;
				GCC_C_LANGUAGE_STANDARD = gnu99;
				GCC_NO_COMMON_BLOCKS = YES;
				GCC_WARN_64_TO_32_BIT_CONVERSION = YES;
				GCC_WARN_ABOUT_RETURN_TYPE = YES_ERROR;
				GCC_WARN_UNDECLARED_SELECTOR = YES;
				GCC_WARN_UNINITIALIZED_AUTOS = YES_AGGRESSIVE;
				GCC_WARN_UNUSED_FUNCTION = YES;
				GCC_WARN_UNUSED_VARIABLE = YES;
				MACOSX_DEPLOYMENT_TARGET = 10.11;
				MTL_ENABLE_DEBUG_INFO = NO;
				SDKROOT = macosx;
				SWIFT_OPTIMIZATION_LEVEL = "-Owholemodule";
			};
			name = Release;
		};
		FA8207891DE2D7DF00333F8D /* Debug */ = {
			isa = XCBuildConfiguration;
			buildSettings = {
				DEVELOPMENT_TEAM = GNGL9A39VR;
				INSTALL_PATH = /;
				PRODUCT_NAME = "$(TARGET_NAME)";
				SWIFT_VERSION = 3.0;
			};
			name = Debug;
		};
		FA82078A1DE2D7DF00333F8D /* Release */ = {
			isa = XCBuildConfiguration;
			buildSettings = {
				DEVELOPMENT_TEAM = GNGL9A39VR;
				INSTALL_PATH = /;
				PRODUCT_NAME = "$(TARGET_NAME)";
				SWIFT_VERSION = 3.0;
			};
			name = Release;
		};
/* End XCBuildConfiguration section */

/* Begin XCConfigurationList section */
		FA82077C1DE2D7DF00333F8D /* Build configuration list for PBXProject "SwiftDTO" */ = {
			isa = XCConfigurationList;
			buildConfigurations = (
				FA8207861DE2D7DF00333F8D /* Debug */,
				FA8207871DE2D7DF00333F8D /* Release */,
			);
			defaultConfigurationIsVisible = 0;
			defaultConfigurationName = Release;
		};
		FA8207881DE2D7DF00333F8D /* Build configuration list for PBXNativeTarget "SwiftDTO" */ = {
			isa = XCConfigurationList;
			buildConfigurations = (
				FA8207891DE2D7DF00333F8D /* Debug */,
				FA82078A1DE2D7DF00333F8D /* Release */,
			);
			defaultConfigurationIsVisible = 0;
			defaultConfigurationName = Release;
		};
/* End XCConfigurationList section */
	};
	rootObject = FA8207791DE2D7DF00333F8D /* Project object */;
}
